// !$*UTF8*$!
{
	archiveVersion = 1;
	classes = {
	};
	objectVersion = 51;
	objects = {

/* Begin PBXBuildFile section */
		04136F9127167C5C003A2CC8 /* GLNetworkManager+Extension.swift in Sources */ = {isa = PBXBuildFile; fileRef = 04136F9027167C5C003A2CC8 /* GLNetworkManager+Extension.swift */; };
		04136F942716AB06003A2CC8 /* GLStatus.swift in Sources */ = {isa = PBXBuildFile; fileRef = 04136F932716AB06003A2CC8 /* GLStatus.swift */; };
		04136F972716AE8C003A2CC8 /* GLStatusListViewModel.swift in Sources */ = {isa = PBXBuildFile; fileRef = 04136F962716AE8C003A2CC8 /* GLStatusListViewModel.swift */; };
		043B210A2728FD68001A9DDF /* GLWeiBoCommon.swift in Sources */ = {isa = PBXBuildFile; fileRef = 043B21092728FD68001A9DDF /* GLWeiBoCommon.swift */; };
		043F02352700817800B40465 /* UIBarButtonItem+Extension.swift in Sources */ = {isa = PBXBuildFile; fileRef = 043F02342700817800B40465 /* UIBarButtonItem+Extension.swift */; };
		043F023827015B3D00B40465 /* UINavigationBar+Extension.swift in Sources */ = {isa = PBXBuildFile; fileRef = 043F023727015B3D00B40465 /* UINavigationBar+Extension.swift */; };
		043F023C270165E000B40465 /* GLNavigationBar.swift in Sources */ = {isa = PBXBuildFile; fileRef = 043F023B270165E000B40465 /* GLNavigationBar.swift */; };
		043F024027016A9000B40465 /* UIImage+Extension.swift in Sources */ = {isa = PBXBuildFile; fileRef = 043F023F27016A9000B40465 /* UIImage+Extension.swift */; };
		0494491B2715790B005748C4 /* GLNetworkManager.swift in Sources */ = {isa = PBXBuildFile; fileRef = 0494491A2715790B005748C4 /* GLNetworkManager.swift */; };
		049AB0C827044C4700FCD619 /* GLVistorView.swift in Sources */ = {isa = PBXBuildFile; fileRef = 049AB0C727044C4700FCD619 /* GLVistorView.swift */; };
		049E6F4F26FF2A1700BD774F /* AppDelegate.swift in Sources */ = {isa = PBXBuildFile; fileRef = 049E6F4E26FF2A1700BD774F /* AppDelegate.swift */; };
		049E6F5826FF2A1A00BD774F /* Assets.xcassets in Resources */ = {isa = PBXBuildFile; fileRef = 049E6F5726FF2A1A00BD774F /* Assets.xcassets */; };
		049E6F5B26FF2A1A00BD774F /* LaunchScreen.storyboard in Resources */ = {isa = PBXBuildFile; fileRef = 049E6F5926FF2A1A00BD774F /* LaunchScreen.storyboard */; };
		04CBE9D0270EDF66009CF637 /* main.json in Resources */ = {isa = PBXBuildFile; fileRef = 04CBE9CF270EDF66009CF637 /* main.json */; };
		04DD04E4272D3835005809D7 /* GLOAuthViewController.swift in Sources */ = {isa = PBXBuildFile; fileRef = 04DD04E3272D3835005809D7 /* GLOAuthViewController.swift */; };
		04F27C3C27001DA1006F5B01 /* GLMianViewController.swift in Sources */ = {isa = PBXBuildFile; fileRef = 04F27C3B27001DA1006F5B01 /* GLMianViewController.swift */; };
		04F27C4027001DB8006F5B01 /* GLNavigationController.swift in Sources */ = {isa = PBXBuildFile; fileRef = 04F27C3F27001DB8006F5B01 /* GLNavigationController.swift */; };
		04F27C4327001DCC006F5B01 /* GLBaseViewController.swift in Sources */ = {isa = PBXBuildFile; fileRef = 04F27C4227001DCC006F5B01 /* GLBaseViewController.swift */; };
		04F27C4727001E12006F5B01 /* GLHomeViewController.swift in Sources */ = {isa = PBXBuildFile; fileRef = 04F27C4627001E12006F5B01 /* GLHomeViewController.swift */; };
		04F27C4A27001E1F006F5B01 /* GLMessageViewController.swift in Sources */ = {isa = PBXBuildFile; fileRef = 04F27C4927001E1F006F5B01 /* GLMessageViewController.swift */; };
		04F27C4D27001E2B006F5B01 /* GLDiscoverViewController.swift in Sources */ = {isa = PBXBuildFile; fileRef = 04F27C4C27001E2B006F5B01 /* GLDiscoverViewController.swift */; };
		04F27C5027001E3D006F5B01 /* GLProfileViewController.swift in Sources */ = {isa = PBXBuildFile; fileRef = 04F27C4F27001E3D006F5B01 /* GLProfileViewController.swift */; };
		04F27C6C270021E5006F5B01 /* UIColor+CZAddition.m in Sources */ = {isa = PBXBuildFile; fileRef = 04F27C53270021E5006F5B01 /* UIColor+CZAddition.m */; };
		04F27C6D270021E5006F5B01 /* UIView+CZAddition.m in Sources */ = {isa = PBXBuildFile; fileRef = 04F27C54270021E5006F5B01 /* UIView+CZAddition.m */; };
		04F27C6E270021E5006F5B01 /* UIScreen+CZAddition.m in Sources */ = {isa = PBXBuildFile; fileRef = 04F27C57270021E5006F5B01 /* UIScreen+CZAddition.m */; };
		04F27C6F270021E5006F5B01 /* UILabel+CZAddition.m in Sources */ = {isa = PBXBuildFile; fileRef = 04F27C59270021E5006F5B01 /* UILabel+CZAddition.m */; };
		04F27C70270021E5006F5B01 /* NSString+CZBase64.m in Sources */ = {isa = PBXBuildFile; fileRef = 04F27C5B270021E5006F5B01 /* NSString+CZBase64.m */; };
		04F27C71270021E5006F5B01 /* NSString+CZPath.m in Sources */ = {isa = PBXBuildFile; fileRef = 04F27C5C270021E5006F5B01 /* NSString+CZPath.m */; };
		04F27C72270021E5006F5B01 /* UIButton+CZAddition.m in Sources */ = {isa = PBXBuildFile; fileRef = 04F27C5F270021E5006F5B01 /* UIButton+CZAddition.m */; };
		04F27C73270021E5006F5B01 /* NSObject+CZRuntime.m in Sources */ = {isa = PBXBuildFile; fileRef = 04F27C62270021E5006F5B01 /* NSObject+CZRuntime.m */; };
		04F27C74270021E6006F5B01 /* UIViewController+CZAddition.m in Sources */ = {isa = PBXBuildFile; fileRef = 04F27C65270021E5006F5B01 /* UIViewController+CZAddition.m */; };
		04F27C75270021E6006F5B01 /* NSString+CZHash.m in Sources */ = {isa = PBXBuildFile; fileRef = 04F27C66270021E5006F5B01 /* NSString+CZHash.m */; };
		04F27C76270021E6006F5B01 /* NSAttributedString+CZAdditon.m in Sources */ = {isa = PBXBuildFile; fileRef = 04F27C69270021E5006F5B01 /* NSAttributedString+CZAdditon.m */; };
		04F27C77270021E6006F5B01 /* NSArray+Log.m in Sources */ = {isa = PBXBuildFile; fileRef = 04F27C6A270021E5006F5B01 /* NSArray+Log.m */; };
		04F27C7E270049D5006F5B01 /* Bundle+Extension.swift in Sources */ = {isa = PBXBuildFile; fileRef = 04F27C7D270049D5006F5B01 /* Bundle+Extension.swift */; };
		04F27C82270070C0006F5B01 /* GLDemoViewController.swift in Sources */ = {isa = PBXBuildFile; fileRef = 04F27C81270070C0006F5B01 /* GLDemoViewController.swift */; };
		48432636274B88A600C5F42E /* GLTitleButton.swift in Sources */ = {isa = PBXBuildFile; fileRef = 48432635274B88A600C5F42E /* GLTitleButton.swift */; };
		485F8945274DD77D00FE4A87 /* GLWeocomeView.xib in Resources */ = {isa = PBXBuildFile; fileRef = 485F8944274DD77D00FE4A87 /* GLWeocomeView.xib */; };
		485F8947274E2C9800FE4A87 /* GLNewFeatureView.xib in Resources */ = {isa = PBXBuildFile; fileRef = 485F8946274E2C9800FE4A87 /* GLNewFeatureView.xib */; };
		48645C49278867FA00A36E28 /* GLComposeTestView.swift in Sources */ = {isa = PBXBuildFile; fileRef = 48645C48278867FA00A36E28 /* GLComposeTestView.swift */; };
		486699012787030D00B5211C /* GLComposeTypeButton.swift in Sources */ = {isa = PBXBuildFile; fileRef = 486699002787030D00B5211C /* GLComposeTypeButton.swift */; };
		486699032787039E00B5211C /* GLComposeTypeButton.xib in Resources */ = {isa = PBXBuildFile; fileRef = 486699022787039E00B5211C /* GLComposeTypeButton.xib */; };
		4885F8872752060100E74DDA /* GLStatusCell.swift in Sources */ = {isa = PBXBuildFile; fileRef = 4885F8862752060100E74DDA /* GLStatusCell.swift */; };
		4885F8892752061800E74DDA /* GLStatusNormalCell.xib in Resources */ = {isa = PBXBuildFile; fileRef = 4885F8882752061800E74DDA /* GLStatusNormalCell.xib */; };
		4885F88B27532BE800E74DDA /* GLUser.swift in Sources */ = {isa = PBXBuildFile; fileRef = 4885F88A27532BE800E74DDA /* GLUser.swift */; };
		4885F88D2753304300E74DDA /* GLStatusViewModel.swift in Sources */ = {isa = PBXBuildFile; fileRef = 4885F88C2753304300E74DDA /* GLStatusViewModel.swift */; };
		4885F88F275361A300E74DDA /* UIImageView+Extension.swift in Sources */ = {isa = PBXBuildFile; fileRef = 4885F88E275361A200E74DDA /* UIImageView+Extension.swift */; };
		4885F89127537EFE00E74DDA /* GLStatusToolBar.swift in Sources */ = {isa = PBXBuildFile; fileRef = 4885F89027537EFE00E74DDA /* GLStatusToolBar.swift */; };
		4885F8952754C5CF00E74DDA /* GLStatusPicture.swift in Sources */ = {isa = PBXBuildFile; fileRef = 4885F8942754C5CF00E74DDA /* GLStatusPicture.swift */; };
		4885F8972754C94900E74DDA /* GLStatusPictureView.swift in Sources */ = {isa = PBXBuildFile; fileRef = 4885F8962754C94900E74DDA /* GLStatusPictureView.swift */; };
		48A6BBA02758B68A004DDF47 /* GLStatusRetweedCell.xib in Resources */ = {isa = PBXBuildFile; fileRef = 48A6BB9F2758B68A004DDF47 /* GLStatusRetweedCell.xib */; };
		48B130FD276329250051E382 /* GLRefreshControl.swift in Sources */ = {isa = PBXBuildFile; fileRef = 48B130FC276329250051E382 /* GLRefreshControl.swift */; };
		48B41639274CCAF60099E069 /* GLWelcomeView.swift in Sources */ = {isa = PBXBuildFile; fileRef = 48B41638274CCAF60099E069 /* GLWelcomeView.swift */; };
		48B4163B274CCB7F0099E069 /* GLNewFeatureView.swift in Sources */ = {isa = PBXBuildFile; fileRef = 48B4163A274CCB7F0099E069 /* GLNewFeatureView.swift */; };
		48EAFAC92746220600F3A0BA /* Log4Swift.swift in Sources */ = {isa = PBXBuildFile; fileRef = 48EAFAC82746220600F3A0BA /* Log4Swift.swift */; };
		48EAFACC27462FD700F3A0BA /* GLUserAccount.swift in Sources */ = {isa = PBXBuildFile; fileRef = 48EAFACB27462FD700F3A0BA /* GLUserAccount.swift */; };
		48EAFACE274A2B0000F3A0BA /* Date+Extension.swift in Sources */ = {isa = PBXBuildFile; fileRef = 48EAFACD274A2B0000F3A0BA /* Date+Extension.swift */; };
		48F044EC2781C53200B60B33 /* GLRefreshView.xib in Resources */ = {isa = PBXBuildFile; fileRef = 48F044EA2781C53100B60B33 /* GLRefreshView.xib */; };
		48F044ED2781C53200B60B33 /* GLRefreshView.swift in Sources */ = {isa = PBXBuildFile; fileRef = 48F044EB2781C53200B60B33 /* GLRefreshView.swift */; };
		48F044FB2782F8E800B60B33 /* GLMeiTuanRefreshView.swift in Sources */ = {isa = PBXBuildFile; fileRef = 48F044F82782F8E800B60B33 /* GLMeiTuanRefreshView.swift */; };
		48F044FC2782F8E800B60B33 /* GLMeiTuanRefreshView.xib in Resources */ = {isa = PBXBuildFile; fileRef = 48F044F92782F8E800B60B33 /* GLMeiTuanRefreshView.xib */; };
		48F044FD2782F8E800B60B33 /* GLHumanRefreshView.xib in Resources */ = {isa = PBXBuildFile; fileRef = 48F044FA2782F8E800B60B33 /* GLHumanRefreshView.xib */; };
		48F045002783209900B60B33 /* GLComposeTypeView.swift in Sources */ = {isa = PBXBuildFile; fileRef = 48F044FF2783209900B60B33 /* GLComposeTypeView.swift */; };
		48F04502278320AE00B60B33 /* GLComposeTypeView.xib in Resources */ = {isa = PBXBuildFile; fileRef = 48F04501278320AE00B60B33 /* GLComposeTypeView.xib */; };
		A0895A5F335C51AAA90CA1CA /* Pods_GLWeiBo_Swift.framework in Frameworks */ = {isa = PBXBuildFile; fileRef = 99C767F1A03101793C0BACF4 /* Pods_GLWeiBo_Swift.framework */; };
/* End PBXBuildFile section */

/* Begin PBXFileReference section */
		04136F9027167C5C003A2CC8 /* GLNetworkManager+Extension.swift */ = {isa = PBXFileReference; lastKnownFileType = sourcecode.swift; path = "GLNetworkManager+Extension.swift"; sourceTree = "<group>"; };
		04136F932716AB06003A2CC8 /* GLStatus.swift */ = {isa = PBXFileReference; lastKnownFileType = sourcecode.swift; path = GLStatus.swift; sourceTree = "<group>"; };
		04136F962716AE8C003A2CC8 /* GLStatusListViewModel.swift */ = {isa = PBXFileReference; lastKnownFileType = sourcecode.swift; path = GLStatusListViewModel.swift; sourceTree = "<group>"; };
		043B21092728FD68001A9DDF /* GLWeiBoCommon.swift */ = {isa = PBXFileReference; lastKnownFileType = sourcecode.swift; path = GLWeiBoCommon.swift; sourceTree = "<group>"; };
		043F02342700817800B40465 /* UIBarButtonItem+Extension.swift */ = {isa = PBXFileReference; lastKnownFileType = sourcecode.swift; path = "UIBarButtonItem+Extension.swift"; sourceTree = "<group>"; };
		043F023727015B3D00B40465 /* UINavigationBar+Extension.swift */ = {isa = PBXFileReference; lastKnownFileType = sourcecode.swift; path = "UINavigationBar+Extension.swift"; sourceTree = "<group>"; };
		043F023B270165E000B40465 /* GLNavigationBar.swift */ = {isa = PBXFileReference; lastKnownFileType = sourcecode.swift; path = GLNavigationBar.swift; sourceTree = "<group>"; };
		043F023F27016A9000B40465 /* UIImage+Extension.swift */ = {isa = PBXFileReference; lastKnownFileType = sourcecode.swift; path = "UIImage+Extension.swift"; sourceTree = "<group>"; };
		0494491A2715790B005748C4 /* GLNetworkManager.swift */ = {isa = PBXFileReference; lastKnownFileType = sourcecode.swift; path = GLNetworkManager.swift; sourceTree = "<group>"; };
		049AB0C727044C4700FCD619 /* GLVistorView.swift */ = {isa = PBXFileReference; lastKnownFileType = sourcecode.swift; path = GLVistorView.swift; sourceTree = "<group>"; };
		049E6F4B26FF2A1700BD774F /* GLWeiBo_Swift.app */ = {isa = PBXFileReference; explicitFileType = wrapper.application; includeInIndex = 0; path = GLWeiBo_Swift.app; sourceTree = BUILT_PRODUCTS_DIR; };
		049E6F4E26FF2A1700BD774F /* AppDelegate.swift */ = {isa = PBXFileReference; lastKnownFileType = sourcecode.swift; path = AppDelegate.swift; sourceTree = "<group>"; };
		049E6F5726FF2A1A00BD774F /* Assets.xcassets */ = {isa = PBXFileReference; lastKnownFileType = folder.assetcatalog; path = Assets.xcassets; sourceTree = "<group>"; };
		049E6F5A26FF2A1A00BD774F /* Base */ = {isa = PBXFileReference; lastKnownFileType = file.storyboard; name = Base; path = Base.lproj/LaunchScreen.storyboard; sourceTree = "<group>"; };
		049E6F5C26FF2A1A00BD774F /* Info.plist */ = {isa = PBXFileReference; lastKnownFileType = text.plist.xml; path = Info.plist; sourceTree = "<group>"; };
		04CBE9CF270EDF66009CF637 /* main.json */ = {isa = PBXFileReference; fileEncoding = 4; lastKnownFileType = text.json; path = main.json; sourceTree = "<group>"; };
		04DD04E3272D3835005809D7 /* GLOAuthViewController.swift */ = {isa = PBXFileReference; lastKnownFileType = sourcecode.swift; path = GLOAuthViewController.swift; sourceTree = "<group>"; };
		04F27C3B27001DA1006F5B01 /* GLMianViewController.swift */ = {isa = PBXFileReference; lastKnownFileType = sourcecode.swift; path = GLMianViewController.swift; sourceTree = "<group>"; };
		04F27C3F27001DB8006F5B01 /* GLNavigationController.swift */ = {isa = PBXFileReference; lastKnownFileType = sourcecode.swift; path = GLNavigationController.swift; sourceTree = "<group>"; };
		04F27C4227001DCC006F5B01 /* GLBaseViewController.swift */ = {isa = PBXFileReference; lastKnownFileType = sourcecode.swift; path = GLBaseViewController.swift; sourceTree = "<group>"; };
		04F27C4627001E12006F5B01 /* GLHomeViewController.swift */ = {isa = PBXFileReference; lastKnownFileType = sourcecode.swift; path = GLHomeViewController.swift; sourceTree = "<group>"; };
		04F27C4927001E1F006F5B01 /* GLMessageViewController.swift */ = {isa = PBXFileReference; lastKnownFileType = sourcecode.swift; path = GLMessageViewController.swift; sourceTree = "<group>"; };
		04F27C4C27001E2B006F5B01 /* GLDiscoverViewController.swift */ = {isa = PBXFileReference; lastKnownFileType = sourcecode.swift; path = GLDiscoverViewController.swift; sourceTree = "<group>"; };
		04F27C4F27001E3D006F5B01 /* GLProfileViewController.swift */ = {isa = PBXFileReference; lastKnownFileType = sourcecode.swift; path = GLProfileViewController.swift; sourceTree = "<group>"; };
		04F27C53270021E5006F5B01 /* UIColor+CZAddition.m */ = {isa = PBXFileReference; fileEncoding = 4; lastKnownFileType = sourcecode.c.objc; path = "UIColor+CZAddition.m"; sourceTree = "<group>"; };
		04F27C54270021E5006F5B01 /* UIView+CZAddition.m */ = {isa = PBXFileReference; fileEncoding = 4; lastKnownFileType = sourcecode.c.objc; path = "UIView+CZAddition.m"; sourceTree = "<group>"; };
		04F27C55270021E5006F5B01 /* UIButton+CZAddition.h */ = {isa = PBXFileReference; fileEncoding = 4; lastKnownFileType = sourcecode.c.h; path = "UIButton+CZAddition.h"; sourceTree = "<group>"; };
		04F27C56270021E5006F5B01 /* NSString+CZHash.h */ = {isa = PBXFileReference; fileEncoding = 4; lastKnownFileType = sourcecode.c.h; path = "NSString+CZHash.h"; sourceTree = "<group>"; };
		04F27C57270021E5006F5B01 /* UIScreen+CZAddition.m */ = {isa = PBXFileReference; fileEncoding = 4; lastKnownFileType = sourcecode.c.objc; path = "UIScreen+CZAddition.m"; sourceTree = "<group>"; };
		04F27C58270021E5006F5B01 /* UIViewController+CZAddition.h */ = {isa = PBXFileReference; fileEncoding = 4; lastKnownFileType = sourcecode.c.h; path = "UIViewController+CZAddition.h"; sourceTree = "<group>"; };
		04F27C59270021E5006F5B01 /* UILabel+CZAddition.m */ = {isa = PBXFileReference; fileEncoding = 4; lastKnownFileType = sourcecode.c.objc; path = "UILabel+CZAddition.m"; sourceTree = "<group>"; };
		04F27C5A270021E5006F5B01 /* NSObject+CZRuntime.h */ = {isa = PBXFileReference; fileEncoding = 4; lastKnownFileType = sourcecode.c.h; path = "NSObject+CZRuntime.h"; sourceTree = "<group>"; };
		04F27C5B270021E5006F5B01 /* NSString+CZBase64.m */ = {isa = PBXFileReference; fileEncoding = 4; lastKnownFileType = sourcecode.c.objc; path = "NSString+CZBase64.m"; sourceTree = "<group>"; };
		04F27C5C270021E5006F5B01 /* NSString+CZPath.m */ = {isa = PBXFileReference; fileEncoding = 4; lastKnownFileType = sourcecode.c.objc; path = "NSString+CZPath.m"; sourceTree = "<group>"; };
		04F27C5D270021E5006F5B01 /* NSArray+Log.h */ = {isa = PBXFileReference; fileEncoding = 4; lastKnownFileType = sourcecode.c.h; path = "NSArray+Log.h"; sourceTree = "<group>"; };
		04F27C5E270021E5006F5B01 /* NSAttributedString+CZAdditon.h */ = {isa = PBXFileReference; fileEncoding = 4; lastKnownFileType = sourcecode.c.h; path = "NSAttributedString+CZAdditon.h"; sourceTree = "<group>"; };
		04F27C5F270021E5006F5B01 /* UIButton+CZAddition.m */ = {isa = PBXFileReference; fileEncoding = 4; lastKnownFileType = sourcecode.c.objc; path = "UIButton+CZAddition.m"; sourceTree = "<group>"; };
		04F27C60270021E5006F5B01 /* UIView+CZAddition.h */ = {isa = PBXFileReference; fileEncoding = 4; lastKnownFileType = sourcecode.c.h; path = "UIView+CZAddition.h"; sourceTree = "<group>"; };
		04F27C61270021E5006F5B01 /* UIColor+CZAddition.h */ = {isa = PBXFileReference; fileEncoding = 4; lastKnownFileType = sourcecode.c.h; path = "UIColor+CZAddition.h"; sourceTree = "<group>"; };
		04F27C62270021E5006F5B01 /* NSObject+CZRuntime.m */ = {isa = PBXFileReference; fileEncoding = 4; lastKnownFileType = sourcecode.c.objc; path = "NSObject+CZRuntime.m"; sourceTree = "<group>"; };
		04F27C63270021E5006F5B01 /* UILabel+CZAddition.h */ = {isa = PBXFileReference; fileEncoding = 4; lastKnownFileType = sourcecode.c.h; path = "UILabel+CZAddition.h"; sourceTree = "<group>"; };
		04F27C64270021E5006F5B01 /* UIScreen+CZAddition.h */ = {isa = PBXFileReference; fileEncoding = 4; lastKnownFileType = sourcecode.c.h; path = "UIScreen+CZAddition.h"; sourceTree = "<group>"; };
		04F27C65270021E5006F5B01 /* UIViewController+CZAddition.m */ = {isa = PBXFileReference; fileEncoding = 4; lastKnownFileType = sourcecode.c.objc; path = "UIViewController+CZAddition.m"; sourceTree = "<group>"; };
		04F27C66270021E5006F5B01 /* NSString+CZHash.m */ = {isa = PBXFileReference; fileEncoding = 4; lastKnownFileType = sourcecode.c.objc; path = "NSString+CZHash.m"; sourceTree = "<group>"; };
		04F27C67270021E5006F5B01 /* NSString+CZBase64.h */ = {isa = PBXFileReference; fileEncoding = 4; lastKnownFileType = sourcecode.c.h; path = "NSString+CZBase64.h"; sourceTree = "<group>"; };
		04F27C68270021E5006F5B01 /* CZAdditions.h */ = {isa = PBXFileReference; fileEncoding = 4; lastKnownFileType = sourcecode.c.h; path = CZAdditions.h; sourceTree = "<group>"; };
		04F27C69270021E5006F5B01 /* NSAttributedString+CZAdditon.m */ = {isa = PBXFileReference; fileEncoding = 4; lastKnownFileType = sourcecode.c.objc; path = "NSAttributedString+CZAdditon.m"; sourceTree = "<group>"; };
		04F27C6A270021E5006F5B01 /* NSArray+Log.m */ = {isa = PBXFileReference; fileEncoding = 4; lastKnownFileType = sourcecode.c.objc; path = "NSArray+Log.m"; sourceTree = "<group>"; };
		04F27C6B270021E5006F5B01 /* NSString+CZPath.h */ = {isa = PBXFileReference; fileEncoding = 4; lastKnownFileType = sourcecode.c.h; path = "NSString+CZPath.h"; sourceTree = "<group>"; };
		04F27C7927002224006F5B01 /* GLWeiBo-Bridge.h */ = {isa = PBXFileReference; lastKnownFileType = sourcecode.c.h; path = "GLWeiBo-Bridge.h"; sourceTree = "<group>"; };
		04F27C7D270049D5006F5B01 /* Bundle+Extension.swift */ = {isa = PBXFileReference; lastKnownFileType = sourcecode.swift; path = "Bundle+Extension.swift"; sourceTree = "<group>"; };
		04F27C81270070C0006F5B01 /* GLDemoViewController.swift */ = {isa = PBXFileReference; lastKnownFileType = sourcecode.swift; path = GLDemoViewController.swift; sourceTree = "<group>"; };
		48432635274B88A600C5F42E /* GLTitleButton.swift */ = {isa = PBXFileReference; lastKnownFileType = sourcecode.swift; path = GLTitleButton.swift; sourceTree = "<group>"; };
		485F8944274DD77D00FE4A87 /* GLWeocomeView.xib */ = {isa = PBXFileReference; lastKnownFileType = file.xib; path = GLWeocomeView.xib; sourceTree = "<group>"; };
		485F8946274E2C9800FE4A87 /* GLNewFeatureView.xib */ = {isa = PBXFileReference; lastKnownFileType = file.xib; path = GLNewFeatureView.xib; sourceTree = "<group>"; };
		48645C48278867FA00A36E28 /* GLComposeTestView.swift */ = {isa = PBXFileReference; lastKnownFileType = sourcecode.swift; path = GLComposeTestView.swift; sourceTree = "<group>"; };
		486699002787030D00B5211C /* GLComposeTypeButton.swift */ = {isa = PBXFileReference; lastKnownFileType = sourcecode.swift; path = GLComposeTypeButton.swift; sourceTree = "<group>"; };
		486699022787039E00B5211C /* GLComposeTypeButton.xib */ = {isa = PBXFileReference; lastKnownFileType = file.xib; path = GLComposeTypeButton.xib; sourceTree = "<group>"; };
		4885F8862752060100E74DDA /* GLStatusCell.swift */ = {isa = PBXFileReference; lastKnownFileType = sourcecode.swift; path = GLStatusCell.swift; sourceTree = "<group>"; };
		4885F8882752061800E74DDA /* GLStatusNormalCell.xib */ = {isa = PBXFileReference; lastKnownFileType = file.xib; path = GLStatusNormalCell.xib; sourceTree = "<group>"; };
		4885F88A27532BE800E74DDA /* GLUser.swift */ = {isa = PBXFileReference; lastKnownFileType = sourcecode.swift; path = GLUser.swift; sourceTree = "<group>"; };
		4885F88C2753304300E74DDA /* GLStatusViewModel.swift */ = {isa = PBXFileReference; lastKnownFileType = sourcecode.swift; path = GLStatusViewModel.swift; sourceTree = "<group>"; };
		4885F88E275361A200E74DDA /* UIImageView+Extension.swift */ = {isa = PBXFileReference; lastKnownFileType = sourcecode.swift; path = "UIImageView+Extension.swift"; sourceTree = "<group>"; };
		4885F89027537EFE00E74DDA /* GLStatusToolBar.swift */ = {isa = PBXFileReference; lastKnownFileType = sourcecode.swift; path = GLStatusToolBar.swift; sourceTree = "<group>"; };
		4885F8942754C5CF00E74DDA /* GLStatusPicture.swift */ = {isa = PBXFileReference; lastKnownFileType = sourcecode.swift; path = GLStatusPicture.swift; sourceTree = "<group>"; };
		4885F8962754C94900E74DDA /* GLStatusPictureView.swift */ = {isa = PBXFileReference; lastKnownFileType = sourcecode.swift; path = GLStatusPictureView.swift; sourceTree = "<group>"; };
		48A6BB9F2758B68A004DDF47 /* GLStatusRetweedCell.xib */ = {isa = PBXFileReference; fileEncoding = 4; lastKnownFileType = file.xib; path = GLStatusRetweedCell.xib; sourceTree = "<group>"; };
		48B130FC276329250051E382 /* GLRefreshControl.swift */ = {isa = PBXFileReference; lastKnownFileType = sourcecode.swift; path = GLRefreshControl.swift; sourceTree = "<group>"; };
		48B41638274CCAF60099E069 /* GLWelcomeView.swift */ = {isa = PBXFileReference; lastKnownFileType = sourcecode.swift; path = GLWelcomeView.swift; sourceTree = "<group>"; };
		48B4163A274CCB7F0099E069 /* GLNewFeatureView.swift */ = {isa = PBXFileReference; lastKnownFileType = sourcecode.swift; path = GLNewFeatureView.swift; sourceTree = "<group>"; };
		48EAFAC82746220600F3A0BA /* Log4Swift.swift */ = {isa = PBXFileReference; lastKnownFileType = sourcecode.swift; path = Log4Swift.swift; sourceTree = "<group>"; };
		48EAFACB27462FD700F3A0BA /* GLUserAccount.swift */ = {isa = PBXFileReference; lastKnownFileType = sourcecode.swift; path = GLUserAccount.swift; sourceTree = "<group>"; };
		48EAFACD274A2B0000F3A0BA /* Date+Extension.swift */ = {isa = PBXFileReference; lastKnownFileType = sourcecode.swift; path = "Date+Extension.swift"; sourceTree = "<group>"; };
		48F044EA2781C53100B60B33 /* GLRefreshView.xib */ = {isa = PBXFileReference; fileEncoding = 4; lastKnownFileType = file.xib; path = GLRefreshView.xib; sourceTree = "<group>"; };
		48F044EB2781C53200B60B33 /* GLRefreshView.swift */ = {isa = PBXFileReference; fileEncoding = 4; lastKnownFileType = sourcecode.swift; path = GLRefreshView.swift; sourceTree = "<group>"; };
		48F044F82782F8E800B60B33 /* GLMeiTuanRefreshView.swift */ = {isa = PBXFileReference; fileEncoding = 4; lastKnownFileType = sourcecode.swift; path = GLMeiTuanRefreshView.swift; sourceTree = "<group>"; };
		48F044F92782F8E800B60B33 /* GLMeiTuanRefreshView.xib */ = {isa = PBXFileReference; fileEncoding = 4; lastKnownFileType = file.xib; path = GLMeiTuanRefreshView.xib; sourceTree = "<group>"; };
		48F044FA2782F8E800B60B33 /* GLHumanRefreshView.xib */ = {isa = PBXFileReference; fileEncoding = 4; lastKnownFileType = file.xib; path = GLHumanRefreshView.xib; sourceTree = "<group>"; };
		48F044FF2783209900B60B33 /* GLComposeTypeView.swift */ = {isa = PBXFileReference; lastKnownFileType = sourcecode.swift; path = GLComposeTypeView.swift; sourceTree = "<group>"; };
		48F04501278320AE00B60B33 /* GLComposeTypeView.xib */ = {isa = PBXFileReference; lastKnownFileType = file.xib; path = GLComposeTypeView.xib; sourceTree = "<group>"; };
		99C767F1A03101793C0BACF4 /* Pods_GLWeiBo_Swift.framework */ = {isa = PBXFileReference; explicitFileType = wrapper.framework; includeInIndex = 0; path = Pods_GLWeiBo_Swift.framework; sourceTree = BUILT_PRODUCTS_DIR; };
		CC2DEFC70E860BB1137A4690 /* Pods-GLWeiBo_Swift.release.xcconfig */ = {isa = PBXFileReference; includeInIndex = 1; lastKnownFileType = text.xcconfig; name = "Pods-GLWeiBo_Swift.release.xcconfig"; path = "Target Support Files/Pods-GLWeiBo_Swift/Pods-GLWeiBo_Swift.release.xcconfig"; sourceTree = "<group>"; };
		F472C15FC148BAE310D9B455 /* Pods-GLWeiBo_Swift.debug.xcconfig */ = {isa = PBXFileReference; includeInIndex = 1; lastKnownFileType = text.xcconfig; name = "Pods-GLWeiBo_Swift.debug.xcconfig"; path = "Target Support Files/Pods-GLWeiBo_Swift/Pods-GLWeiBo_Swift.debug.xcconfig"; sourceTree = "<group>"; };
/* End PBXFileReference section */

/* Begin PBXFrameworksBuildPhase section */
		049E6F4826FF2A1700BD774F /* Frameworks */ = {
			isa = PBXFrameworksBuildPhase;
			buildActionMask = 2147483647;
			files = (
				A0895A5F335C51AAA90CA1CA /* Pods_GLWeiBo_Swift.framework in Frameworks */,
			);
			runOnlyForDeploymentPostprocessing = 0;
		};
/* End PBXFrameworksBuildPhase section */

/* Begin PBXGroup section */
		0480C9F22701C1BD00AF92F1 /* 主控制器 */ = {
			isa = PBXGroup;
			children = (
				04CBE9CF270EDF66009CF637 /* main.json */,
				04F27C3B27001DA1006F5B01 /* GLMianViewController.swift */,
				04F27C3F27001DB8006F5B01 /* GLNavigationController.swift */,
			);
			path = "主控制器";
			sourceTree = "<group>";
		};
		0494491927157896005748C4 /* Network */ = {
			isa = PBXGroup;
			children = (
				48EAFACA27462FBE00F3A0BA /* Model */,
				0494491A2715790B005748C4 /* GLNetworkManager.swift */,
				04136F9027167C5C003A2CC8 /* GLNetworkManager+Extension.swift */,
			);
			path = Network;
			sourceTree = "<group>";
		};
		049AB0C527044C1B00FCD619 /* VistorView */ = {
			isa = PBXGroup;
			children = (
				049AB0C727044C4700FCD619 /* GLVistorView.swift */,
			);
			path = VistorView;
			sourceTree = "<group>";
		};
		049AB0C627044C2800FCD619 /* NavigationBar */ = {
			isa = PBXGroup;
			children = (
				043F023B270165E000B40465 /* GLNavigationBar.swift */,
			);
			path = NavigationBar;
			sourceTree = "<group>";
		};
		049E6F4226FF2A1700BD774F = {
			isa = PBXGroup;
			children = (
				049E6F4D26FF2A1700BD774F /* GLWeiBo_Swift */,
				049E6F4C26FF2A1700BD774F /* Products */,
				8DAE05B2A570449C0AB5D379 /* Pods */,
				13C4FFE81B93F5986A7CE6B5 /* Frameworks */,
			);
			sourceTree = "<group>";
		};
		049E6F4C26FF2A1700BD774F /* Products */ = {
			isa = PBXGroup;
			children = (
				049E6F4B26FF2A1700BD774F /* GLWeiBo_Swift.app */,
			);
			name = Products;
			sourceTree = "<group>";
		};
		049E6F4D26FF2A1700BD774F /* GLWeiBo_Swift */ = {
			isa = PBXGroup;
			children = (
				04F27C3027001B26006F5B01 /* Classes */,
				049E6F4E26FF2A1700BD774F /* AppDelegate.swift */,
				04F27C7927002224006F5B01 /* GLWeiBo-Bridge.h */,
				049E6F5726FF2A1A00BD774F /* Assets.xcassets */,
				049E6F5926FF2A1A00BD774F /* LaunchScreen.storyboard */,
				049E6F5C26FF2A1A00BD774F /* Info.plist */,
			);
			path = GLWeiBo_Swift;
			sourceTree = "<group>";
		};
		04DD04E2272D37F7005809D7 /* OAuth */ = {
			isa = PBXGroup;
			children = (
				04DD04E3272D3835005809D7 /* GLOAuthViewController.swift */,
			);
			path = OAuth;
			sourceTree = "<group>";
		};
		04F27C3027001B26006F5B01 /* Classes */ = {
			isa = PBXGroup;
			children = (
				04F27C3127001B47006F5B01 /* View（视图控制器） */,
				04F27C3227001B55006F5B01 /* ViewModel（视图模型） */,
				04F27C3327001B6C006F5B01 /* Model（模型） */,
				04F27C3427001B7C006F5B01 /* Tools */,
			);
			path = Classes;
			sourceTree = "<group>";
		};
		04F27C3127001B47006F5B01 /* View（视图控制器） */ = {
			isa = PBXGroup;
			children = (
				04F27C3627001CD1006F5B01 /* Main */,
				04F27C3727001CD8006F5B01 /* Home */,
				04F27C3927001CEC006F5B01 /* Message */,
				04F27C3827001CDF006F5B01 /* Discover */,
				04F27C3A27001CF3006F5B01 /* Profile */,
			);
			path = "View（视图控制器）";
			sourceTree = "<group>";
		};
		04F27C3227001B55006F5B01 /* ViewModel（视图模型） */ = {
			isa = PBXGroup;
			children = (
				04136F962716AE8C003A2CC8 /* GLStatusListViewModel.swift */,
				4885F88C2753304300E74DDA /* GLStatusViewModel.swift */,
			);
			path = "ViewModel（视图模型）";
			sourceTree = "<group>";
		};
		04F27C3327001B6C006F5B01 /* Model（模型） */ = {
			isa = PBXGroup;
			children = (
				04136F932716AB06003A2CC8 /* GLStatus.swift */,
				4885F88A27532BE800E74DDA /* GLUser.swift */,
				4885F8942754C5CF00E74DDA /* GLStatusPicture.swift */,
			);
			path = "Model（模型）";
			sourceTree = "<group>";
		};
		04F27C3427001B7C006F5B01 /* Tools */ = {
			isa = PBXGroup;
			children = (
				48B130F72763289A0051E382 /* UI框架 */,
				0494491927157896005748C4 /* Network */,
				04F27C7C270049BA006F5B01 /* Extension */,
				04F27C52270021E5006F5B01 /* Additions */,
				043B21092728FD68001A9DDF /* GLWeiBoCommon.swift */,
				48EAFAC82746220600F3A0BA /* Log4Swift.swift */,
			);
			path = Tools;
			sourceTree = "<group>";
		};
		04F27C3627001CD1006F5B01 /* Main */ = {
			isa = PBXGroup;
			children = (
				48F044FE2783207200B60B33 /* ComposeTypeView */,
				48B41637274CCAD00099E069 /* NewFeature */,
				04DD04E2272D37F7005809D7 /* OAuth */,
				0480C9F22701C1BD00AF92F1 /* 主控制器 */,
				049AB0C627044C2800FCD619 /* NavigationBar */,
				049AB0C527044C1B00FCD619 /* VistorView */,
				04F27C80270070B1006F5B01 /* test */,
				04F27C4227001DCC006F5B01 /* GLBaseViewController.swift */,
			);
			path = Main;
			sourceTree = "<group>";
		};
		04F27C3727001CD8006F5B01 /* Home */ = {
			isa = PBXGroup;
			children = (
				4885F885275205D900E74DDA /* StatusCell */,
				48432634274B888700C5F42E /* TitleButton */,
				04F27C4627001E12006F5B01 /* GLHomeViewController.swift */,
			);
			path = Home;
			sourceTree = "<group>";
		};
		04F27C3827001CDF006F5B01 /* Discover */ = {
			isa = PBXGroup;
			children = (
				04F27C4C27001E2B006F5B01 /* GLDiscoverViewController.swift */,
			);
			path = Discover;
			sourceTree = "<group>";
		};
		04F27C3927001CEC006F5B01 /* Message */ = {
			isa = PBXGroup;
			children = (
				04F27C4927001E1F006F5B01 /* GLMessageViewController.swift */,
			);
			path = Message;
			sourceTree = "<group>";
		};
		04F27C3A27001CF3006F5B01 /* Profile */ = {
			isa = PBXGroup;
			children = (
				04F27C4F27001E3D006F5B01 /* GLProfileViewController.swift */,
			);
			path = Profile;
			sourceTree = "<group>";
		};
		04F27C52270021E5006F5B01 /* Additions */ = {
			isa = PBXGroup;
			children = (
				04F27C61270021E5006F5B01 /* UIColor+CZAddition.h */,
				04F27C53270021E5006F5B01 /* UIColor+CZAddition.m */,
				04F27C55270021E5006F5B01 /* UIButton+CZAddition.h */,
				04F27C5F270021E5006F5B01 /* UIButton+CZAddition.m */,
				04F27C64270021E5006F5B01 /* UIScreen+CZAddition.h */,
				04F27C57270021E5006F5B01 /* UIScreen+CZAddition.m */,
				04F27C58270021E5006F5B01 /* UIViewController+CZAddition.h */,
				04F27C65270021E5006F5B01 /* UIViewController+CZAddition.m */,
				04F27C63270021E5006F5B01 /* UILabel+CZAddition.h */,
				04F27C59270021E5006F5B01 /* UILabel+CZAddition.m */,
				04F27C60270021E5006F5B01 /* UIView+CZAddition.h */,
				04F27C54270021E5006F5B01 /* UIView+CZAddition.m */,
				04F27C56270021E5006F5B01 /* NSString+CZHash.h */,
				04F27C66270021E5006F5B01 /* NSString+CZHash.m */,
				04F27C5A270021E5006F5B01 /* NSObject+CZRuntime.h */,
				04F27C62270021E5006F5B01 /* NSObject+CZRuntime.m */,
				04F27C67270021E5006F5B01 /* NSString+CZBase64.h */,
				04F27C5B270021E5006F5B01 /* NSString+CZBase64.m */,
				04F27C6B270021E5006F5B01 /* NSString+CZPath.h */,
				04F27C5C270021E5006F5B01 /* NSString+CZPath.m */,
				04F27C5D270021E5006F5B01 /* NSArray+Log.h */,
				04F27C6A270021E5006F5B01 /* NSArray+Log.m */,
				04F27C5E270021E5006F5B01 /* NSAttributedString+CZAdditon.h */,
				04F27C69270021E5006F5B01 /* NSAttributedString+CZAdditon.m */,
				04F27C68270021E5006F5B01 /* CZAdditions.h */,
			);
			path = Additions;
			sourceTree = "<group>";
		};
		04F27C7C270049BA006F5B01 /* Extension */ = {
			isa = PBXGroup;
			children = (
				04F27C7D270049D5006F5B01 /* Bundle+Extension.swift */,
				043F02342700817800B40465 /* UIBarButtonItem+Extension.swift */,
				043F023727015B3D00B40465 /* UINavigationBar+Extension.swift */,
				043F023F27016A9000B40465 /* UIImage+Extension.swift */,
				48EAFACD274A2B0000F3A0BA /* Date+Extension.swift */,
				4885F88E275361A200E74DDA /* UIImageView+Extension.swift */,
			);
			path = Extension;
			sourceTree = "<group>";
		};
		04F27C80270070B1006F5B01 /* test */ = {
			isa = PBXGroup;
			children = (
				04F27C81270070C0006F5B01 /* GLDemoViewController.swift */,
			);
			path = test;
			sourceTree = "<group>";
		};
		13C4FFE81B93F5986A7CE6B5 /* Frameworks */ = {
			isa = PBXGroup;
			children = (
				99C767F1A03101793C0BACF4 /* Pods_GLWeiBo_Swift.framework */,
			);
			name = Frameworks;
			sourceTree = "<group>";
		};
		48432634274B888700C5F42E /* TitleButton */ = {
			isa = PBXGroup;
			children = (
				48432635274B88A600C5F42E /* GLTitleButton.swift */,
			);
			path = TitleButton;
			sourceTree = "<group>";
		};
		4885F885275205D900E74DDA /* StatusCell */ = {
			isa = PBXGroup;
			children = (
				48A6BB9F2758B68A004DDF47 /* GLStatusRetweedCell.xib */,
				4885F8862752060100E74DDA /* GLStatusCell.swift */,
				4885F8882752061800E74DDA /* GLStatusNormalCell.xib */,
				4885F89027537EFE00E74DDA /* GLStatusToolBar.swift */,
				4885F8962754C94900E74DDA /* GLStatusPictureView.swift */,
			);
			path = StatusCell;
			sourceTree = "<group>";
		};
		48B130F72763289A0051E382 /* UI框架 */ = {
			isa = PBXGroup;
			children = (
				48B130FE2763377E0051E382 /* GLRefreshControl */,
			);
			path = "UI框架";
			sourceTree = "<group>";
		};
		48B130FE2763377E0051E382 /* GLRefreshControl */ = {
			isa = PBXGroup;
			children = (
				48F044FA2782F8E800B60B33 /* GLHumanRefreshView.xib */,
				48F044F82782F8E800B60B33 /* GLMeiTuanRefreshView.swift */,
				48F044F92782F8E800B60B33 /* GLMeiTuanRefreshView.xib */,
				48F044EB2781C53200B60B33 /* GLRefreshView.swift */,
				48F044EA2781C53100B60B33 /* GLRefreshView.xib */,
				48B130FC276329250051E382 /* GLRefreshControl.swift */,
			);
			path = GLRefreshControl;
			sourceTree = "<group>";
		};
		48B41637274CCAD00099E069 /* NewFeature */ = {
			isa = PBXGroup;
			children = (
				48B41638274CCAF60099E069 /* GLWelcomeView.swift */,
				485F8944274DD77D00FE4A87 /* GLWeocomeView.xib */,
				48B4163A274CCB7F0099E069 /* GLNewFeatureView.swift */,
				485F8946274E2C9800FE4A87 /* GLNewFeatureView.xib */,
			);
			path = NewFeature;
			sourceTree = "<group>";
		};
		48EAFACA27462FBE00F3A0BA /* Model */ = {
			isa = PBXGroup;
			children = (
				48EAFACB27462FD700F3A0BA /* GLUserAccount.swift */,
			);
			path = Model;
			sourceTree = "<group>";
		};
		48F044FE2783207200B60B33 /* ComposeTypeView */ = {
			isa = PBXGroup;
			children = (
				48F044FF2783209900B60B33 /* GLComposeTypeView.swift */,
				48F04501278320AE00B60B33 /* GLComposeTypeView.xib */,
				486699002787030D00B5211C /* GLComposeTypeButton.swift */,
				486699022787039E00B5211C /* GLComposeTypeButton.xib */,
				48645C48278867FA00A36E28 /* GLComposeTestView.swift */,
			);
			path = ComposeTypeView;
			sourceTree = "<group>";
		};
		8DAE05B2A570449C0AB5D379 /* Pods */ = {
			isa = PBXGroup;
			children = (
				F472C15FC148BAE310D9B455 /* Pods-GLWeiBo_Swift.debug.xcconfig */,
				CC2DEFC70E860BB1137A4690 /* Pods-GLWeiBo_Swift.release.xcconfig */,
			);
			path = Pods;
			sourceTree = "<group>";
		};
/* End PBXGroup section */

/* Begin PBXNativeTarget section */
		049E6F4A26FF2A1700BD774F /* GLWeiBo_Swift */ = {
			isa = PBXNativeTarget;
			buildConfigurationList = 049E6F5F26FF2A1A00BD774F /* Build configuration list for PBXNativeTarget "GLWeiBo_Swift" */;
			buildPhases = (
				0A76A37EF710105A05251727 /* [CP] Check Pods Manifest.lock */,
				049E6F4726FF2A1700BD774F /* Sources */,
				049E6F4826FF2A1700BD774F /* Frameworks */,
				049E6F4926FF2A1700BD774F /* Resources */,
				076D74676C68D3B5BA8E02D7 /* [CP] Embed Pods Frameworks */,
			);
			buildRules = (
			);
			dependencies = (
			);
			name = GLWeiBo_Swift;
			productName = GLWeiBo_Swift;
			productReference = 049E6F4B26FF2A1700BD774F /* GLWeiBo_Swift.app */;
			productType = "com.apple.product-type.application";
		};
/* End PBXNativeTarget section */

/* Begin PBXProject section */
		049E6F4326FF2A1700BD774F /* Project object */ = {
			isa = PBXProject;
			attributes = {
				CLASSPREFIX = GL;
				LastSwiftUpdateCheck = 1230;
				LastUpgradeCheck = 1230;
				TargetAttributes = {
					049E6F4A26FF2A1700BD774F = {
						CreatedOnToolsVersion = 12.3;
					};
				};
			};
			buildConfigurationList = 049E6F4626FF2A1700BD774F /* Build configuration list for PBXProject "GLWeiBo_Swift" */;
			compatibilityVersion = "Xcode 9.3";
			developmentRegion = en;
			hasScannedForEncodings = 0;
			knownRegions = (
				en,
				Base,
			);
			mainGroup = 049E6F4226FF2A1700BD774F;
			productRefGroup = 049E6F4C26FF2A1700BD774F /* Products */;
			projectDirPath = "";
			projectRoot = "";
			targets = (
				049E6F4A26FF2A1700BD774F /* GLWeiBo_Swift */,
			);
		};
/* End PBXProject section */

/* Begin PBXResourcesBuildPhase section */
		049E6F4926FF2A1700BD774F /* Resources */ = {
			isa = PBXResourcesBuildPhase;
			buildActionMask = 2147483647;
			files = (
				04CBE9D0270EDF66009CF637 /* main.json in Resources */,
				485F8947274E2C9800FE4A87 /* GLNewFeatureView.xib in Resources */,
				48A6BBA02758B68A004DDF47 /* GLStatusRetweedCell.xib in Resources */,
				049E6F5B26FF2A1A00BD774F /* LaunchScreen.storyboard in Resources */,
				4885F8892752061800E74DDA /* GLStatusNormalCell.xib in Resources */,
				049E6F5826FF2A1A00BD774F /* Assets.xcassets in Resources */,
				48F044FC2782F8E800B60B33 /* GLMeiTuanRefreshView.xib in Resources */,
				48F044FD2782F8E800B60B33 /* GLHumanRefreshView.xib in Resources */,
				485F8945274DD77D00FE4A87 /* GLWeocomeView.xib in Resources */,
				48F04502278320AE00B60B33 /* GLComposeTypeView.xib in Resources */,
				48F044EC2781C53200B60B33 /* GLRefreshView.xib in Resources */,
				486699032787039E00B5211C /* GLComposeTypeButton.xib in Resources */,
			);
			runOnlyForDeploymentPostprocessing = 0;
		};
/* End PBXResourcesBuildPhase section */

/* Begin PBXShellScriptBuildPhase section */
		076D74676C68D3B5BA8E02D7 /* [CP] Embed Pods Frameworks */ = {
			isa = PBXShellScriptBuildPhase;
			buildActionMask = 2147483647;
			files = (
			);
			inputFileListPaths = (
				"${PODS_ROOT}/Target Support Files/Pods-GLWeiBo_Swift/Pods-GLWeiBo_Swift-frameworks-${CONFIGURATION}-input-files.xcfilelist",
			);
			name = "[CP] Embed Pods Frameworks";
			outputFileListPaths = (
				"${PODS_ROOT}/Target Support Files/Pods-GLWeiBo_Swift/Pods-GLWeiBo_Swift-frameworks-${CONFIGURATION}-output-files.xcfilelist",
			);
			runOnlyForDeploymentPostprocessing = 0;
			shellPath = /bin/sh;
			shellScript = "\"${PODS_ROOT}/Target Support Files/Pods-GLWeiBo_Swift/Pods-GLWeiBo_Swift-frameworks.sh\"\n";
			showEnvVarsInLog = 0;
		};
		0A76A37EF710105A05251727 /* [CP] Check Pods Manifest.lock */ = {
			isa = PBXShellScriptBuildPhase;
			buildActionMask = 2147483647;
			files = (
			);
			inputFileListPaths = (
			);
			inputPaths = (
				"${PODS_PODFILE_DIR_PATH}/Podfile.lock",
				"${PODS_ROOT}/Manifest.lock",
			);
			name = "[CP] Check Pods Manifest.lock";
			outputFileListPaths = (
			);
			outputPaths = (
				"$(DERIVED_FILE_DIR)/Pods-GLWeiBo_Swift-checkManifestLockResult.txt",
			);
			runOnlyForDeploymentPostprocessing = 0;
			shellPath = /bin/sh;
			shellScript = "diff \"${PODS_PODFILE_DIR_PATH}/Podfile.lock\" \"${PODS_ROOT}/Manifest.lock\" > /dev/null\nif [ $? != 0 ] ; then\n    # print error to STDERR\n    echo \"error: The sandbox is not in sync with the Podfile.lock. Run 'pod install' or update your CocoaPods installation.\" >&2\n    exit 1\nfi\n# This output is used by Xcode 'outputs' to avoid re-running this script phase.\necho \"SUCCESS\" > \"${SCRIPT_OUTPUT_FILE_0}\"\n";
			showEnvVarsInLog = 0;
		};
/* End PBXShellScriptBuildPhase section */

/* Begin PBXSourcesBuildPhase section */
		049E6F4726FF2A1700BD774F /* Sources */ = {
			isa = PBXSourcesBuildPhase;
			buildActionMask = 2147483647;
			files = (
				043B210A2728FD68001A9DDF /* GLWeiBoCommon.swift in Sources */,
				04F27C4327001DCC006F5B01 /* GLBaseViewController.swift in Sources */,
				04F27C7E270049D5006F5B01 /* Bundle+Extension.swift in Sources */,
				04F27C70270021E5006F5B01 /* NSString+CZBase64.m in Sources */,
				486699012787030D00B5211C /* GLComposeTypeButton.swift in Sources */,
				4885F8872752060100E74DDA /* GLStatusCell.swift in Sources */,
				04F27C3C27001DA1006F5B01 /* GLMianViewController.swift in Sources */,
				043F023C270165E000B40465 /* GLNavigationBar.swift in Sources */,
				04F27C73270021E5006F5B01 /* NSObject+CZRuntime.m in Sources */,
				043F023827015B3D00B40465 /* UINavigationBar+Extension.swift in Sources */,
				48B130FD276329250051E382 /* GLRefreshControl.swift in Sources */,
				4885F8952754C5CF00E74DDA /* GLStatusPicture.swift in Sources */,
				04F27C76270021E6006F5B01 /* NSAttributedString+CZAdditon.m in Sources */,
				48B41639274CCAF60099E069 /* GLWelcomeView.swift in Sources */,
				4885F8972754C94900E74DDA /* GLStatusPictureView.swift in Sources */,
				04F27C77270021E6006F5B01 /* NSArray+Log.m in Sources */,
				04F27C6E270021E5006F5B01 /* UIScreen+CZAddition.m in Sources */,
				04136F942716AB06003A2CC8 /* GLStatus.swift in Sources */,
				04F27C4D27001E2B006F5B01 /* GLDiscoverViewController.swift in Sources */,
				043F02352700817800B40465 /* UIBarButtonItem+Extension.swift in Sources */,
				04F27C5027001E3D006F5B01 /* GLProfileViewController.swift in Sources */,
				48B4163B274CCB7F0099E069 /* GLNewFeatureView.swift in Sources */,
				48645C49278867FA00A36E28 /* GLComposeTestView.swift in Sources */,
				043F024027016A9000B40465 /* UIImage+Extension.swift in Sources */,
				04F27C4027001DB8006F5B01 /* GLNavigationController.swift in Sources */,
				48EAFACE274A2B0000F3A0BA /* Date+Extension.swift in Sources */,
				04F27C72270021E5006F5B01 /* UIButton+CZAddition.m in Sources */,
				4885F89127537EFE00E74DDA /* GLStatusToolBar.swift in Sources */,
				04F27C82270070C0006F5B01 /* GLDemoViewController.swift in Sources */,
				48EAFAC92746220600F3A0BA /* Log4Swift.swift in Sources */,
				04F27C4A27001E1F006F5B01 /* GLMessageViewController.swift in Sources */,
				04F27C75270021E6006F5B01 /* NSString+CZHash.m in Sources */,
				04DD04E4272D3835005809D7 /* GLOAuthViewController.swift in Sources */,
				04F27C74270021E6006F5B01 /* UIViewController+CZAddition.m in Sources */,
				48F045002783209900B60B33 /* GLComposeTypeView.swift in Sources */,
				04F27C4727001E12006F5B01 /* GLHomeViewController.swift in Sources */,
				0494491B2715790B005748C4 /* GLNetworkManager.swift in Sources */,
				049E6F4F26FF2A1700BD774F /* AppDelegate.swift in Sources */,
				04F27C6F270021E5006F5B01 /* UILabel+CZAddition.m in Sources */,
				4885F88B27532BE800E74DDA /* GLUser.swift in Sources */,
				48F044FB2782F8E800B60B33 /* GLMeiTuanRefreshView.swift in Sources */,
				4885F88F275361A300E74DDA /* UIImageView+Extension.swift in Sources */,
				04F27C71270021E5006F5B01 /* NSString+CZPath.m in Sources */,
				48432636274B88A600C5F42E /* GLTitleButton.swift in Sources */,
				04136F972716AE8C003A2CC8 /* GLStatusListViewModel.swift in Sources */,
				04F27C6C270021E5006F5B01 /* UIColor+CZAddition.m in Sources */,
				04F27C6D270021E5006F5B01 /* UIView+CZAddition.m in Sources */,
				48F044ED2781C53200B60B33 /* GLRefreshView.swift in Sources */,
				049AB0C827044C4700FCD619 /* GLVistorView.swift in Sources */,
				4885F88D2753304300E74DDA /* GLStatusViewModel.swift in Sources */,
				48EAFACC27462FD700F3A0BA /* GLUserAccount.swift in Sources */,
				04136F9127167C5C003A2CC8 /* GLNetworkManager+Extension.swift in Sources */,
			);
			runOnlyForDeploymentPostprocessing = 0;
		};
/* End PBXSourcesBuildPhase section */

/* Begin PBXVariantGroup section */
		049E6F5926FF2A1A00BD774F /* LaunchScreen.storyboard */ = {
			isa = PBXVariantGroup;
			children = (
				049E6F5A26FF2A1A00BD774F /* Base */,
			);
			name = LaunchScreen.storyboard;
			sourceTree = "<group>";
		};
/* End PBXVariantGroup section */

/* Begin XCBuildConfiguration section */
		049E6F5D26FF2A1A00BD774F /* Debug */ = {
			isa = XCBuildConfiguration;
			buildSettings = {
				ALWAYS_SEARCH_USER_PATHS = NO;
				CLANG_ANALYZER_NONNULL = YES;
				CLANG_ANALYZER_NUMBER_OBJECT_CONVERSION = YES_AGGRESSIVE;
				CLANG_CXX_LANGUAGE_STANDARD = "gnu++14";
				CLANG_CXX_LIBRARY = "libc++";
				CLANG_ENABLE_MODULES = YES;
				CLANG_ENABLE_OBJC_ARC = YES;
				CLANG_ENABLE_OBJC_WEAK = YES;
				CLANG_WARN_BLOCK_CAPTURE_AUTORELEASING = YES;
				CLANG_WARN_BOOL_CONVERSION = YES;
				CLANG_WARN_COMMA = YES;
				CLANG_WARN_CONSTANT_CONVERSION = YES;
				CLANG_WARN_DEPRECATED_OBJC_IMPLEMENTATIONS = YES;
				CLANG_WARN_DIRECT_OBJC_ISA_USAGE = YES_ERROR;
				CLANG_WARN_DOCUMENTATION_COMMENTS = YES;
				CLANG_WARN_EMPTY_BODY = YES;
				CLANG_WARN_ENUM_CONVERSION = YES;
				CLANG_WARN_INFINITE_RECURSION = YES;
				CLANG_WARN_INT_CONVERSION = YES;
				CLANG_WARN_NON_LITERAL_NULL_CONVERSION = YES;
				CLANG_WARN_OBJC_IMPLICIT_RETAIN_SELF = YES;
				CLANG_WARN_OBJC_LITERAL_CONVERSION = YES;
				CLANG_WARN_OBJC_ROOT_CLASS = YES_ERROR;
				CLANG_WARN_QUOTED_INCLUDE_IN_FRAMEWORK_HEADER = YES;
				CLANG_WARN_RANGE_LOOP_ANALYSIS = YES;
				CLANG_WARN_STRICT_PROTOTYPES = YES;
				CLANG_WARN_SUSPICIOUS_MOVE = YES;
				CLANG_WARN_UNGUARDED_AVAILABILITY = YES_AGGRESSIVE;
				CLANG_WARN_UNREACHABLE_CODE = YES;
				CLANG_WARN__DUPLICATE_METHOD_MATCH = YES;
				COPY_PHASE_STRIP = NO;
				DEBUG_INFORMATION_FORMAT = dwarf;
				ENABLE_STRICT_OBJC_MSGSEND = YES;
				ENABLE_TESTABILITY = YES;
				GCC_C_LANGUAGE_STANDARD = gnu11;
				GCC_DYNAMIC_NO_PIC = NO;
				GCC_NO_COMMON_BLOCKS = YES;
				GCC_OPTIMIZATION_LEVEL = 0;
				GCC_PREPROCESSOR_DEFINITIONS = (
					"DEBUG=1",
					"$(inherited)",
				);
				GCC_WARN_64_TO_32_BIT_CONVERSION = YES;
				GCC_WARN_ABOUT_RETURN_TYPE = YES_ERROR;
				GCC_WARN_UNDECLARED_SELECTOR = YES;
				GCC_WARN_UNINITIALIZED_AUTOS = YES_AGGRESSIVE;
				GCC_WARN_UNUSED_FUNCTION = YES;
				GCC_WARN_UNUSED_VARIABLE = YES;
				IPHONEOS_DEPLOYMENT_TARGET = 14.3;
				MTL_ENABLE_DEBUG_INFO = INCLUDE_SOURCE;
				MTL_FAST_MATH = YES;
				ONLY_ACTIVE_ARCH = YES;
				SDKROOT = iphoneos;
				SWIFT_ACTIVE_COMPILATION_CONDITIONS = DEBUG;
				SWIFT_OPTIMIZATION_LEVEL = "-Onone";
			};
			name = Debug;
		};
		049E6F5E26FF2A1A00BD774F /* Release */ = {
			isa = XCBuildConfiguration;
			buildSettings = {
				ALWAYS_SEARCH_USER_PATHS = NO;
				CLANG_ANALYZER_NONNULL = YES;
				CLANG_ANALYZER_NUMBER_OBJECT_CONVERSION = YES_AGGRESSIVE;
				CLANG_CXX_LANGUAGE_STANDARD = "gnu++14";
				CLANG_CXX_LIBRARY = "libc++";
				CLANG_ENABLE_MODULES = YES;
				CLANG_ENABLE_OBJC_ARC = YES;
				CLANG_ENABLE_OBJC_WEAK = YES;
				CLANG_WARN_BLOCK_CAPTURE_AUTORELEASING = YES;
				CLANG_WARN_BOOL_CONVERSION = YES;
				CLANG_WARN_COMMA = YES;
				CLANG_WARN_CONSTANT_CONVERSION = YES;
				CLANG_WARN_DEPRECATED_OBJC_IMPLEMENTATIONS = YES;
				CLANG_WARN_DIRECT_OBJC_ISA_USAGE = YES_ERROR;
				CLANG_WARN_DOCUMENTATION_COMMENTS = YES;
				CLANG_WARN_EMPTY_BODY = YES;
				CLANG_WARN_ENUM_CONVERSION = YES;
				CLANG_WARN_INFINITE_RECURSION = YES;
				CLANG_WARN_INT_CONVERSION = YES;
				CLANG_WARN_NON_LITERAL_NULL_CONVERSION = YES;
				CLANG_WARN_OBJC_IMPLICIT_RETAIN_SELF = YES;
				CLANG_WARN_OBJC_LITERAL_CONVERSION = YES;
				CLANG_WARN_OBJC_ROOT_CLASS = YES_ERROR;
				CLANG_WARN_QUOTED_INCLUDE_IN_FRAMEWORK_HEADER = YES;
				CLANG_WARN_RANGE_LOOP_ANALYSIS = YES;
				CLANG_WARN_STRICT_PROTOTYPES = YES;
				CLANG_WARN_SUSPICIOUS_MOVE = YES;
				CLANG_WARN_UNGUARDED_AVAILABILITY = YES_AGGRESSIVE;
				CLANG_WARN_UNREACHABLE_CODE = YES;
				CLANG_WARN__DUPLICATE_METHOD_MATCH = YES;
				COPY_PHASE_STRIP = NO;
				DEBUG_INFORMATION_FORMAT = "dwarf-with-dsym";
				ENABLE_NS_ASSERTIONS = NO;
				ENABLE_STRICT_OBJC_MSGSEND = YES;
				GCC_C_LANGUAGE_STANDARD = gnu11;
				GCC_NO_COMMON_BLOCKS = YES;
				GCC_WARN_64_TO_32_BIT_CONVERSION = YES;
				GCC_WARN_ABOUT_RETURN_TYPE = YES_ERROR;
				GCC_WARN_UNDECLARED_SELECTOR = YES;
				GCC_WARN_UNINITIALIZED_AUTOS = YES_AGGRESSIVE;
				GCC_WARN_UNUSED_FUNCTION = YES;
				GCC_WARN_UNUSED_VARIABLE = YES;
				IPHONEOS_DEPLOYMENT_TARGET = 14.3;
				MTL_ENABLE_DEBUG_INFO = NO;
				MTL_FAST_MATH = YES;
				SDKROOT = iphoneos;
				SWIFT_COMPILATION_MODE = wholemodule;
				SWIFT_OPTIMIZATION_LEVEL = "-O";
				VALIDATE_PRODUCT = YES;
			};
			name = Release;
		};
		049E6F6026FF2A1A00BD774F /* Debug */ = {
			isa = XCBuildConfiguration;
			baseConfigurationReference = F472C15FC148BAE310D9B455 /* Pods-GLWeiBo_Swift.debug.xcconfig */;
			buildSettings = {
				ASSETCATALOG_COMPILER_APPICON_NAME = AppIcon;
				ASSETCATALOG_COMPILER_GLOBAL_ACCENT_COLOR_NAME = AccentColor;
				ASSETCATALOG_COMPILER_LAUNCHIMAGE_NAME = "";
				CODE_SIGN_IDENTITY = "iPhone Developer";
				CODE_SIGN_STYLE = Manual;
				DEVELOPMENT_TEAM = Q4RK7D73P6;
				INFOPLIST_FILE = GLWeiBo_Swift/Info.plist;
				IPHONEOS_DEPLOYMENT_TARGET = 9.0;
				LD_RUNPATH_SEARCH_PATHS = (
					"$(inherited)",
					"@executable_path/Frameworks",
				);
				MARKETING_VERSION = 1.0.2;
				PRODUCT_BUNDLE_IDENTIFIER = com.welink.mobile.ios;
				PRODUCT_NAME = "$(TARGET_NAME)";
				PROVISIONING_PROFILE_SPECIFIER = dev_Q4RK7D73P6.com.welink.mobile.ios.pp;
				SWIFT_OBJC_BRIDGING_HEADER = "GLWeiBo_Swift/GLWeiBo-Bridge.h";
				SWIFT_VERSION = 5.0;
				TARGETED_DEVICE_FAMILY = 1;
			};
			name = Debug;
		};
		049E6F6126FF2A1A00BD774F /* Release */ = {
			isa = XCBuildConfiguration;
			baseConfigurationReference = CC2DEFC70E860BB1137A4690 /* Pods-GLWeiBo_Swift.release.xcconfig */;
			buildSettings = {
				ASSETCATALOG_COMPILER_APPICON_NAME = AppIcon;
				ASSETCATALOG_COMPILER_GLOBAL_ACCENT_COLOR_NAME = AccentColor;
				ASSETCATALOG_COMPILER_LAUNCHIMAGE_NAME = "";
				CODE_SIGN_IDENTITY = "iPhone Developer";
				CODE_SIGN_STYLE = Manual;
				DEVELOPMENT_TEAM = Q4RK7D73P6;
				INFOPLIST_FILE = GLWeiBo_Swift/Info.plist;
				IPHONEOS_DEPLOYMENT_TARGET = 9.0;
				LD_RUNPATH_SEARCH_PATHS = (
					"$(inherited)",
					"@executable_path/Frameworks",
				);
				MARKETING_VERSION = 1.0.2;
				PRODUCT_BUNDLE_IDENTIFIER = com.welink.mobile.ios;
				PRODUCT_NAME = "$(TARGET_NAME)";
				PROVISIONING_PROFILE_SPECIFIER = dev_Q4RK7D73P6.com.welink.mobile.ios.pp;
				SWIFT_OBJC_BRIDGING_HEADER = "GLWeiBo_Swift/GLWeiBo-Bridge.h";
				SWIFT_VERSION = 5.0;
				TARGETED_DEVICE_FAMILY = 1;
			};
			name = Release;
		};
/* End XCBuildConfiguration section */

/* Begin XCConfigurationList section */
		049E6F4626FF2A1700BD774F /* Build configuration list for PBXProject "GLWeiBo_Swift" */ = {
			isa = XCConfigurationList;
			buildConfigurations = (
				049E6F5D26FF2A1A00BD774F /* Debug */,
				049E6F5E26FF2A1A00BD774F /* Release */,
			);
			defaultConfigurationIsVisible = 0;
			defaultConfigurationName = Release;
		};
		049E6F5F26FF2A1A00BD774F /* Build configuration list for PBXNativeTarget "GLWeiBo_Swift" */ = {
			isa = XCConfigurationList;
			buildConfigurations = (
				049E6F6026FF2A1A00BD774F /* Debug */,
				049E6F6126FF2A1A00BD774F /* Release */,
			);
			defaultConfigurationIsVisible = 0;
			defaultConfigurationName = Release;
		};
/* End XCConfigurationList section */
	};
	rootObject = 049E6F4326FF2A1700BD774F /* Project object */;
}
