// !$*UTF8*$!
{
	archiveVersion = 1;
	classes = {
	};
	objectVersion = 50;
	objects = {

/* Begin PBXBuildFile section */
		043F02352700817800B40465 /* UIBarButtonItem+Extension.swift in Sources */ = {isa = PBXBuildFile; fileRef = 043F02342700817800B40465 /* UIBarButtonItem+Extension.swift */; };
		043F023827015B3D00B40465 /* UINavigationBar+Extension.swift in Sources */ = {isa = PBXBuildFile; fileRef = 043F023727015B3D00B40465 /* UINavigationBar+Extension.swift */; };
		043F023C270165E000B40465 /* GLNavigationBar.swift in Sources */ = {isa = PBXBuildFile; fileRef = 043F023B270165E000B40465 /* GLNavigationBar.swift */; };
		043F024027016A9000B40465 /* UIImage+Extension.swift in Sources */ = {isa = PBXBuildFile; fileRef = 043F023F27016A9000B40465 /* UIImage+Extension.swift */; };
		049E6F4F26FF2A1700BD774F /* AppDelegate.swift in Sources */ = {isa = PBXBuildFile; fileRef = 049E6F4E26FF2A1700BD774F /* AppDelegate.swift */; };
		049E6F5826FF2A1A00BD774F /* Assets.xcassets in Resources */ = {isa = PBXBuildFile; fileRef = 049E6F5726FF2A1A00BD774F /* Assets.xcassets */; };
		049E6F5B26FF2A1A00BD774F /* LaunchScreen.storyboard in Resources */ = {isa = PBXBuildFile; fileRef = 049E6F5926FF2A1A00BD774F /* LaunchScreen.storyboard */; };
		04F27C3C27001DA1006F5B01 /* GLMianViewController.swift in Sources */ = {isa = PBXBuildFile; fileRef = 04F27C3B27001DA1006F5B01 /* GLMianViewController.swift */; };
		04F27C4027001DB8006F5B01 /* GLNavigationController.swift in Sources */ = {isa = PBXBuildFile; fileRef = 04F27C3F27001DB8006F5B01 /* GLNavigationController.swift */; };
		04F27C4327001DCC006F5B01 /* GLBaseViewController.swift in Sources */ = {isa = PBXBuildFile; fileRef = 04F27C4227001DCC006F5B01 /* GLBaseViewController.swift */; };
		04F27C4727001E12006F5B01 /* GLHomeViewController.swift in Sources */ = {isa = PBXBuildFile; fileRef = 04F27C4627001E12006F5B01 /* GLHomeViewController.swift */; };
		04F27C4A27001E1F006F5B01 /* GLMessageViewController.swift in Sources */ = {isa = PBXBuildFile; fileRef = 04F27C4927001E1F006F5B01 /* GLMessageViewController.swift */; };
		04F27C4D27001E2B006F5B01 /* GLDiscoverViewController.swift in Sources */ = {isa = PBXBuildFile; fileRef = 04F27C4C27001E2B006F5B01 /* GLDiscoverViewController.swift */; };
		04F27C5027001E3D006F5B01 /* GLProfileViewController.swift in Sources */ = {isa = PBXBuildFile; fileRef = 04F27C4F27001E3D006F5B01 /* GLProfileViewController.swift */; };
		04F27C6C270021E5006F5B01 /* UIColor+CZAddition.m in Sources */ = {isa = PBXBuildFile; fileRef = 04F27C53270021E5006F5B01 /* UIColor+CZAddition.m */; };
		04F27C6D270021E5006F5B01 /* UIView+CZAddition.m in Sources */ = {isa = PBXBuildFile; fileRef = 04F27C54270021E5006F5B01 /* UIView+CZAddition.m */; };
		04F27C6E270021E5006F5B01 /* UIScreen+CZAddition.m in Sources */ = {isa = PBXBuildFile; fileRef = 04F27C57270021E5006F5B01 /* UIScreen+CZAddition.m */; };
		04F27C6F270021E5006F5B01 /* UILabel+CZAddition.m in Sources */ = {isa = PBXBuildFile; fileRef = 04F27C59270021E5006F5B01 /* UILabel+CZAddition.m */; };
		04F27C70270021E5006F5B01 /* NSString+CZBase64.m in Sources */ = {isa = PBXBuildFile; fileRef = 04F27C5B270021E5006F5B01 /* NSString+CZBase64.m */; };
		04F27C71270021E5006F5B01 /* NSString+CZPath.m in Sources */ = {isa = PBXBuildFile; fileRef = 04F27C5C270021E5006F5B01 /* NSString+CZPath.m */; };
		04F27C72270021E5006F5B01 /* UIButton+CZAddition.m in Sources */ = {isa = PBXBuildFile; fileRef = 04F27C5F270021E5006F5B01 /* UIButton+CZAddition.m */; };
		04F27C73270021E5006F5B01 /* NSObject+CZRuntime.m in Sources */ = {isa = PBXBuildFile; fileRef = 04F27C62270021E5006F5B01 /* NSObject+CZRuntime.m */; };
		04F27C74270021E6006F5B01 /* UIViewController+CZAddition.m in Sources */ = {isa = PBXBuildFile; fileRef = 04F27C65270021E5006F5B01 /* UIViewController+CZAddition.m */; };
		04F27C75270021E6006F5B01 /* NSString+CZHash.m in Sources */ = {isa = PBXBuildFile; fileRef = 04F27C66270021E5006F5B01 /* NSString+CZHash.m */; };
		04F27C76270021E6006F5B01 /* NSAttributedString+CZAdditon.m in Sources */ = {isa = PBXBuildFile; fileRef = 04F27C69270021E5006F5B01 /* NSAttributedString+CZAdditon.m */; };
		04F27C77270021E6006F5B01 /* NSArray+Log.m in Sources */ = {isa = PBXBuildFile; fileRef = 04F27C6A270021E5006F5B01 /* NSArray+Log.m */; };
		04F27C7E270049D5006F5B01 /* Bundle+Extension.swift in Sources */ = {isa = PBXBuildFile; fileRef = 04F27C7D270049D5006F5B01 /* Bundle+Extension.swift */; };
		04F27C82270070C0006F5B01 /* GLDemoViewController.swift in Sources */ = {isa = PBXBuildFile; fileRef = 04F27C81270070C0006F5B01 /* GLDemoViewController.swift */; };
/* End PBXBuildFile section */

/* Begin PBXFileReference section */
		043F02342700817800B40465 /* UIBarButtonItem+Extension.swift */ = {isa = PBXFileReference; lastKnownFileType = sourcecode.swift; path = "UIBarButtonItem+Extension.swift"; sourceTree = "<group>"; };
		043F023727015B3D00B40465 /* UINavigationBar+Extension.swift */ = {isa = PBXFileReference; lastKnownFileType = sourcecode.swift; path = "UINavigationBar+Extension.swift"; sourceTree = "<group>"; };
		043F023B270165E000B40465 /* GLNavigationBar.swift */ = {isa = PBXFileReference; lastKnownFileType = sourcecode.swift; path = GLNavigationBar.swift; sourceTree = "<group>"; };
		043F023F27016A9000B40465 /* UIImage+Extension.swift */ = {isa = PBXFileReference; lastKnownFileType = sourcecode.swift; path = "UIImage+Extension.swift"; sourceTree = "<group>"; };
		049E6F4B26FF2A1700BD774F /* GLWeiBo_Swift.app */ = {isa = PBXFileReference; explicitFileType = wrapper.application; includeInIndex = 0; path = GLWeiBo_Swift.app; sourceTree = BUILT_PRODUCTS_DIR; };
		049E6F4E26FF2A1700BD774F /* AppDelegate.swift */ = {isa = PBXFileReference; lastKnownFileType = sourcecode.swift; path = AppDelegate.swift; sourceTree = "<group>"; };
		049E6F5726FF2A1A00BD774F /* Assets.xcassets */ = {isa = PBXFileReference; lastKnownFileType = folder.assetcatalog; path = Assets.xcassets; sourceTree = "<group>"; };
		049E6F5A26FF2A1A00BD774F /* Base */ = {isa = PBXFileReference; lastKnownFileType = file.storyboard; name = Base; path = Base.lproj/LaunchScreen.storyboard; sourceTree = "<group>"; };
		049E6F5C26FF2A1A00BD774F /* Info.plist */ = {isa = PBXFileReference; lastKnownFileType = text.plist.xml; path = Info.plist; sourceTree = "<group>"; };
		04F27C3B27001DA1006F5B01 /* GLMianViewController.swift */ = {isa = PBXFileReference; lastKnownFileType = sourcecode.swift; path = GLMianViewController.swift; sourceTree = "<group>"; };
		04F27C3F27001DB8006F5B01 /* GLNavigationController.swift */ = {isa = PBXFileReference; lastKnownFileType = sourcecode.swift; path = GLNavigationController.swift; sourceTree = "<group>"; };
		04F27C4227001DCC006F5B01 /* GLBaseViewController.swift */ = {isa = PBXFileReference; lastKnownFileType = sourcecode.swift; path = GLBaseViewController.swift; sourceTree = "<group>"; };
		04F27C4627001E12006F5B01 /* GLHomeViewController.swift */ = {isa = PBXFileReference; lastKnownFileType = sourcecode.swift; path = GLHomeViewController.swift; sourceTree = "<group>"; };
		04F27C4927001E1F006F5B01 /* GLMessageViewController.swift */ = {isa = PBXFileReference; lastKnownFileType = sourcecode.swift; path = GLMessageViewController.swift; sourceTree = "<group>"; };
		04F27C4C27001E2B006F5B01 /* GLDiscoverViewController.swift */ = {isa = PBXFileReference; lastKnownFileType = sourcecode.swift; path = GLDiscoverViewController.swift; sourceTree = "<group>"; };
		04F27C4F27001E3D006F5B01 /* GLProfileViewController.swift */ = {isa = PBXFileReference; lastKnownFileType = sourcecode.swift; path = GLProfileViewController.swift; sourceTree = "<group>"; };
		04F27C53270021E5006F5B01 /* UIColor+CZAddition.m */ = {isa = PBXFileReference; fileEncoding = 4; lastKnownFileType = sourcecode.c.objc; path = "UIColor+CZAddition.m"; sourceTree = "<group>"; };
		04F27C54270021E5006F5B01 /* UIView+CZAddition.m */ = {isa = PBXFileReference; fileEncoding = 4; lastKnownFileType = sourcecode.c.objc; path = "UIView+CZAddition.m"; sourceTree = "<group>"; };
		04F27C55270021E5006F5B01 /* UIButton+CZAddition.h */ = {isa = PBXFileReference; fileEncoding = 4; lastKnownFileType = sourcecode.c.h; path = "UIButton+CZAddition.h"; sourceTree = "<group>"; };
		04F27C56270021E5006F5B01 /* NSString+CZHash.h */ = {isa = PBXFileReference; fileEncoding = 4; lastKnownFileType = sourcecode.c.h; path = "NSString+CZHash.h"; sourceTree = "<group>"; };
		04F27C57270021E5006F5B01 /* UIScreen+CZAddition.m */ = {isa = PBXFileReference; fileEncoding = 4; lastKnownFileType = sourcecode.c.objc; path = "UIScreen+CZAddition.m"; sourceTree = "<group>"; };
		04F27C58270021E5006F5B01 /* UIViewController+CZAddition.h */ = {isa = PBXFileReference; fileEncoding = 4; lastKnownFileType = sourcecode.c.h; path = "UIViewController+CZAddition.h"; sourceTree = "<group>"; };
		04F27C59270021E5006F5B01 /* UILabel+CZAddition.m */ = {isa = PBXFileReference; fileEncoding = 4; lastKnownFileType = sourcecode.c.objc; path = "UILabel+CZAddition.m"; sourceTree = "<group>"; };
		04F27C5A270021E5006F5B01 /* NSObject+CZRuntime.h */ = {isa = PBXFileReference; fileEncoding = 4; lastKnownFileType = sourcecode.c.h; path = "NSObject+CZRuntime.h"; sourceTree = "<group>"; };
		04F27C5B270021E5006F5B01 /* NSString+CZBase64.m */ = {isa = PBXFileReference; fileEncoding = 4; lastKnownFileType = sourcecode.c.objc; path = "NSString+CZBase64.m"; sourceTree = "<group>"; };
		04F27C5C270021E5006F5B01 /* NSString+CZPath.m */ = {isa = PBXFileReference; fileEncoding = 4; lastKnownFileType = sourcecode.c.objc; path = "NSString+CZPath.m"; sourceTree = "<group>"; };
		04F27C5D270021E5006F5B01 /* NSArray+Log.h */ = {isa = PBXFileReference; fileEncoding = 4; lastKnownFileType = sourcecode.c.h; path = "NSArray+Log.h"; sourceTree = "<group>"; };
		04F27C5E270021E5006F5B01 /* NSAttributedString+CZAdditon.h */ = {isa = PBXFileReference; fileEncoding = 4; lastKnownFileType = sourcecode.c.h; path = "NSAttributedString+CZAdditon.h"; sourceTree = "<group>"; };
		04F27C5F270021E5006F5B01 /* UIButton+CZAddition.m */ = {isa = PBXFileReference; fileEncoding = 4; lastKnownFileType = sourcecode.c.objc; path = "UIButton+CZAddition.m"; sourceTree = "<group>"; };
		04F27C60270021E5006F5B01 /* UIView+CZAddition.h */ = {isa = PBXFileReference; fileEncoding = 4; lastKnownFileType = sourcecode.c.h; path = "UIView+CZAddition.h"; sourceTree = "<group>"; };
		04F27C61270021E5006F5B01 /* UIColor+CZAddition.h */ = {isa = PBXFileReference; fileEncoding = 4; lastKnownFileType = sourcecode.c.h; path = "UIColor+CZAddition.h"; sourceTree = "<group>"; };
		04F27C62270021E5006F5B01 /* NSObject+CZRuntime.m */ = {isa = PBXFileReference; fileEncoding = 4; lastKnownFileType = sourcecode.c.objc; path = "NSObject+CZRuntime.m"; sourceTree = "<group>"; };
		04F27C63270021E5006F5B01 /* UILabel+CZAddition.h */ = {isa = PBXFileReference; fileEncoding = 4; lastKnownFileType = sourcecode.c.h; path = "UILabel+CZAddition.h"; sourceTree = "<group>"; };
		04F27C64270021E5006F5B01 /* UIScreen+CZAddition.h */ = {isa = PBXFileReference; fileEncoding = 4; lastKnownFileType = sourcecode.c.h; path = "UIScreen+CZAddition.h"; sourceTree = "<group>"; };
		04F27C65270021E5006F5B01 /* UIViewController+CZAddition.m */ = {isa = PBXFileReference; fileEncoding = 4; lastKnownFileType = sourcecode.c.objc; path = "UIViewController+CZAddition.m"; sourceTree = "<group>"; };
		04F27C66270021E5006F5B01 /* NSString+CZHash.m */ = {isa = PBXFileReference; fileEncoding = 4; lastKnownFileType = sourcecode.c.objc; path = "NSString+CZHash.m"; sourceTree = "<group>"; };
		04F27C67270021E5006F5B01 /* NSString+CZBase64.h */ = {isa = PBXFileReference; fileEncoding = 4; lastKnownFileType = sourcecode.c.h; path = "NSString+CZBase64.h"; sourceTree = "<group>"; };
		04F27C68270021E5006F5B01 /* CZAdditions.h */ = {isa = PBXFileReference; fileEncoding = 4; lastKnownFileType = sourcecode.c.h; path = CZAdditions.h; sourceTree = "<group>"; };
		04F27C69270021E5006F5B01 /* NSAttributedString+CZAdditon.m */ = {isa = PBXFileReference; fileEncoding = 4; lastKnownFileType = sourcecode.c.objc; path = "NSAttributedString+CZAdditon.m"; sourceTree = "<group>"; };
		04F27C6A270021E5006F5B01 /* NSArray+Log.m */ = {isa = PBXFileReference; fileEncoding = 4; lastKnownFileType = sourcecode.c.objc; path = "NSArray+Log.m"; sourceTree = "<group>"; };
		04F27C6B270021E5006F5B01 /* NSString+CZPath.h */ = {isa = PBXFileReference; fileEncoding = 4; lastKnownFileType = sourcecode.c.h; path = "NSString+CZPath.h"; sourceTree = "<group>"; };
		04F27C7927002224006F5B01 /* GLWeiBo-Bridge.h */ = {isa = PBXFileReference; lastKnownFileType = sourcecode.c.h; path = "GLWeiBo-Bridge.h"; sourceTree = "<group>"; };
		04F27C7D270049D5006F5B01 /* Bundle+Extension.swift */ = {isa = PBXFileReference; lastKnownFileType = sourcecode.swift; path = "Bundle+Extension.swift"; sourceTree = "<group>"; };
		04F27C81270070C0006F5B01 /* GLDemoViewController.swift */ = {isa = PBXFileReference; lastKnownFileType = sourcecode.swift; path = GLDemoViewController.swift; sourceTree = "<group>"; };
/* End PBXFileReference section */

/* Begin PBXFrameworksBuildPhase section */
		049E6F4826FF2A1700BD774F /* Frameworks */ = {
			isa = PBXFrameworksBuildPhase;
			buildActionMask = 2147483647;
			files = (
			);
			runOnlyForDeploymentPostprocessing = 0;
		};
/* End PBXFrameworksBuildPhase section */

/* Begin PBXGroup section */
		049E6F4226FF2A1700BD774F = {
			isa = PBXGroup;
			children = (
				049E6F4D26FF2A1700BD774F /* GLWeiBo_Swift */,
				049E6F4C26FF2A1700BD774F /* Products */,
			);
			sourceTree = "<group>";
		};
		049E6F4C26FF2A1700BD774F /* Products */ = {
			isa = PBXGroup;
			children = (
				049E6F4B26FF2A1700BD774F /* GLWeiBo_Swift.app */,
			);
			name = Products;
			sourceTree = "<group>";
		};
		049E6F4D26FF2A1700BD774F /* GLWeiBo_Swift */ = {
			isa = PBXGroup;
			children = (
				04F27C3027001B26006F5B01 /* Classes */,
				049E6F4E26FF2A1700BD774F /* AppDelegate.swift */,
				04F27C7927002224006F5B01 /* GLWeiBo-Bridge.h */,
				049E6F5726FF2A1A00BD774F /* Assets.xcassets */,
				049E6F5926FF2A1A00BD774F /* LaunchScreen.storyboard */,
				049E6F5C26FF2A1A00BD774F /* Info.plist */,
			);
			path = GLWeiBo_Swift;
			sourceTree = "<group>";
		};
		04F27C3027001B26006F5B01 /* Classes */ = {
			isa = PBXGroup;
			children = (
				04F27C3127001B47006F5B01 /* View（视图控制器） */,
				04F27C3227001B55006F5B01 /* ViewModel（视图模型） */,
				04F27C3327001B6C006F5B01 /* Model（模型） */,
				04F27C3427001B7C006F5B01 /* Tools */,
			);
			path = Classes;
			sourceTree = "<group>";
		};
		04F27C3127001B47006F5B01 /* View（视图控制器） */ = {
			isa = PBXGroup;
			children = (
				04F27C3627001CD1006F5B01 /* Main */,
				04F27C3727001CD8006F5B01 /* Home */,
				04F27C3927001CEC006F5B01 /* Message */,
				04F27C3827001CDF006F5B01 /* Discover */,
				04F27C3A27001CF3006F5B01 /* Profile */,
			);
			path = "View（视图控制器）";
			sourceTree = "<group>";
		};
		04F27C3227001B55006F5B01 /* ViewModel（视图模型） */ = {
			isa = PBXGroup;
			children = (
			);
			path = "ViewModel（视图模型）";
			sourceTree = "<group>";
		};
		04F27C3327001B6C006F5B01 /* Model（模型） */ = {
			isa = PBXGroup;
			children = (
			);
			path = "Model（模型）";
			sourceTree = "<group>";
		};
		04F27C3427001B7C006F5B01 /* Tools */ = {
			isa = PBXGroup;
			children = (
				04F27C7C270049BA006F5B01 /* Extension */,
				04F27C52270021E5006F5B01 /* Additions */,
			);
			path = Tools;
			sourceTree = "<group>";
		};
		04F27C3627001CD1006F5B01 /* Main */ = {
			isa = PBXGroup;
			children = (
				04F27C80270070B1006F5B01 /* test */,
				04F27C3B27001DA1006F5B01 /* GLMianViewController.swift */,
				04F27C3F27001DB8006F5B01 /* GLNavigationController.swift */,
				04F27C4227001DCC006F5B01 /* GLBaseViewController.swift */,
				043F023B270165E000B40465 /* GLNavigationBar.swift */,
			);
			path = Main;
			sourceTree = "<group>";
		};
		04F27C3727001CD8006F5B01 /* Home */ = {
			isa = PBXGroup;
			children = (
				04F27C4627001E12006F5B01 /* GLHomeViewController.swift */,
			);
			path = Home;
			sourceTree = "<group>";
		};
		04F27C3827001CDF006F5B01 /* Discover */ = {
			isa = PBXGroup;
			children = (
				04F27C4C27001E2B006F5B01 /* GLDiscoverViewController.swift */,
			);
			path = Discover;
			sourceTree = "<group>";
		};
		04F27C3927001CEC006F5B01 /* Message */ = {
			isa = PBXGroup;
			children = (
				04F27C4927001E1F006F5B01 /* GLMessageViewController.swift */,
			);
			path = Message;
			sourceTree = "<group>";
		};
		04F27C3A27001CF3006F5B01 /* Profile */ = {
			isa = PBXGroup;
			children = (
				04F27C4F27001E3D006F5B01 /* GLProfileViewController.swift */,
			);
			path = Profile;
			sourceTree = "<group>";
		};
		04F27C52270021E5006F5B01 /* Additions */ = {
			isa = PBXGroup;
			children = (
				04F27C53270021E5006F5B01 /* UIColor+CZAddition.m */,
				04F27C54270021E5006F5B01 /* UIView+CZAddition.m */,
				04F27C55270021E5006F5B01 /* UIButton+CZAddition.h */,
				04F27C56270021E5006F5B01 /* NSString+CZHash.h */,
				04F27C57270021E5006F5B01 /* UIScreen+CZAddition.m */,
				04F27C58270021E5006F5B01 /* UIViewController+CZAddition.h */,
				04F27C59270021E5006F5B01 /* UILabel+CZAddition.m */,
				04F27C5A270021E5006F5B01 /* NSObject+CZRuntime.h */,
				04F27C5B270021E5006F5B01 /* NSString+CZBase64.m */,
				04F27C5C270021E5006F5B01 /* NSString+CZPath.m */,
				04F27C5D270021E5006F5B01 /* NSArray+Log.h */,
				04F27C5E270021E5006F5B01 /* NSAttributedString+CZAdditon.h */,
				04F27C5F270021E5006F5B01 /* UIButton+CZAddition.m */,
				04F27C60270021E5006F5B01 /* UIView+CZAddition.h */,
				04F27C61270021E5006F5B01 /* UIColor+CZAddition.h */,
				04F27C62270021E5006F5B01 /* NSObject+CZRuntime.m */,
				04F27C63270021E5006F5B01 /* UILabel+CZAddition.h */,
				04F27C64270021E5006F5B01 /* UIScreen+CZAddition.h */,
				04F27C65270021E5006F5B01 /* UIViewController+CZAddition.m */,
				04F27C66270021E5006F5B01 /* NSString+CZHash.m */,
				04F27C67270021E5006F5B01 /* NSString+CZBase64.h */,
				04F27C68270021E5006F5B01 /* CZAdditions.h */,
				04F27C69270021E5006F5B01 /* NSAttributedString+CZAdditon.m */,
				04F27C6A270021E5006F5B01 /* NSArray+Log.m */,
				04F27C6B270021E5006F5B01 /* NSString+CZPath.h */,
			);
			path = Additions;
			sourceTree = "<group>";
		};
		04F27C7C270049BA006F5B01 /* Extension */ = {
			isa = PBXGroup;
			children = (
				04F27C7D270049D5006F5B01 /* Bundle+Extension.swift */,
				043F02342700817800B40465 /* UIBarButtonItem+Extension.swift */,
				043F023727015B3D00B40465 /* UINavigationBar+Extension.swift */,
				043F023F27016A9000B40465 /* UIImage+Extension.swift */,
			);
			path = Extension;
			sourceTree = "<group>";
		};
		04F27C80270070B1006F5B01 /* test */ = {
			isa = PBXGroup;
			children = (
				04F27C81270070C0006F5B01 /* GLDemoViewController.swift */,
			);
			path = test;
			sourceTree = "<group>";
		};
/* End PBXGroup section */

/* Begin PBXNativeTarget section */
		049E6F4A26FF2A1700BD774F /* GLWeiBo_Swift */ = {
			isa = PBXNativeTarget;
			buildConfigurationList = 049E6F5F26FF2A1A00BD774F /* Build configuration list for PBXNativeTarget "GLWeiBo_Swift" */;
			buildPhases = (
				049E6F4726FF2A1700BD774F /* Sources */,
				049E6F4826FF2A1700BD774F /* Frameworks */,
				049E6F4926FF2A1700BD774F /* Resources */,
			);
			buildRules = (
			);
			dependencies = (
			);
			name = GLWeiBo_Swift;
			productName = GLWeiBo_Swift;
			productReference = 049E6F4B26FF2A1700BD774F /* GLWeiBo_Swift.app */;
			productType = "com.apple.product-type.application";
		};
/* End PBXNativeTarget section */

/* Begin PBXProject section */
		049E6F4326FF2A1700BD774F /* Project object */ = {
			isa = PBXProject;
			attributes = {
				CLASSPREFIX = GL;
				LastSwiftUpdateCheck = 1230;
				LastUpgradeCheck = 1230;
				TargetAttributes = {
					049E6F4A26FF2A1700BD774F = {
						CreatedOnToolsVersion = 12.3;
					};
				};
			};
			buildConfigurationList = 049E6F4626FF2A1700BD774F /* Build configuration list for PBXProject "GLWeiBo_Swift" */;
			compatibilityVersion = "Xcode 9.3";
			developmentRegion = en;
			hasScannedForEncodings = 0;
			knownRegions = (
				en,
				Base,
			);
			mainGroup = 049E6F4226FF2A1700BD774F;
			productRefGroup = 049E6F4C26FF2A1700BD774F /* Products */;
			projectDirPath = "";
			projectRoot = "";
			targets = (
				049E6F4A26FF2A1700BD774F /* GLWeiBo_Swift */,
			);
		};
/* End PBXProject section */

/* Begin PBXResourcesBuildPhase section */
		049E6F4926FF2A1700BD774F /* Resources */ = {
			isa = PBXResourcesBuildPhase;
			buildActionMask = 2147483647;
			files = (
				049E6F5B26FF2A1A00BD774F /* LaunchScreen.storyboard in Resources */,
				049E6F5826FF2A1A00BD774F /* Assets.xcassets in Resources */,
			);
			runOnlyForDeploymentPostprocessing = 0;
		};
/* End PBXResourcesBuildPhase section */

/* Begin PBXSourcesBuildPhase section */
		049E6F4726FF2A1700BD774F /* Sources */ = {
			isa = PBXSourcesBuildPhase;
			buildActionMask = 2147483647;
			files = (
				04F27C4327001DCC006F5B01 /* GLBaseViewController.swift in Sources */,
				04F27C7E270049D5006F5B01 /* Bundle+Extension.swift in Sources */,
				04F27C70270021E5006F5B01 /* NSString+CZBase64.m in Sources */,
				04F27C3C27001DA1006F5B01 /* GLMianViewController.swift in Sources */,
				043F023C270165E000B40465 /* GLNavigationBar.swift in Sources */,
				04F27C73270021E5006F5B01 /* NSObject+CZRuntime.m in Sources */,
				043F023827015B3D00B40465 /* UINavigationBar+Extension.swift in Sources */,
				04F27C76270021E6006F5B01 /* NSAttributedString+CZAdditon.m in Sources */,
				04F27C77270021E6006F5B01 /* NSArray+Log.m in Sources */,
				04F27C6E270021E5006F5B01 /* UIScreen+CZAddition.m in Sources */,
				04F27C4D27001E2B006F5B01 /* GLDiscoverViewController.swift in Sources */,
				043F02352700817800B40465 /* UIBarButtonItem+Extension.swift in Sources */,
				04F27C5027001E3D006F5B01 /* GLProfileViewController.swift in Sources */,
				043F024027016A9000B40465 /* UIImage+Extension.swift in Sources */,
				04F27C4027001DB8006F5B01 /* GLNavigationController.swift in Sources */,
				04F27C72270021E5006F5B01 /* UIButton+CZAddition.m in Sources */,
				04F27C82270070C0006F5B01 /* GLDemoViewController.swift in Sources */,
				04F27C4A27001E1F006F5B01 /* GLMessageViewController.swift in Sources */,
				04F27C75270021E6006F5B01 /* NSString+CZHash.m in Sources */,
				04F27C74270021E6006F5B01 /* UIViewController+CZAddition.m in Sources */,
				04F27C4727001E12006F5B01 /* GLHomeViewController.swift in Sources */,
				049E6F4F26FF2A1700BD774F /* AppDelegate.swift in Sources */,
				04F27C6F270021E5006F5B01 /* UILabel+CZAddition.m in Sources */,
				04F27C71270021E5006F5B01 /* NSString+CZPath.m in Sources */,
				04F27C6C270021E5006F5B01 /* UIColor+CZAddition.m in Sources */,
				04F27C6D270021E5006F5B01 /* UIView+CZAddition.m in Sources */,
			);
			runOnlyForDeploymentPostprocessing = 0;
		};
/* End PBXSourcesBuildPhase section */

/* Begin PBXVariantGroup section */
		049E6F5926FF2A1A00BD774F /* LaunchScreen.storyboard */ = {
			isa = PBXVariantGroup;
			children = (
				049E6F5A26FF2A1A00BD774F /* Base */,
			);
			name = LaunchScreen.storyboard;
			sourceTree = "<group>";
		};
/* End PBXVariantGroup section */

/* Begin XCBuildConfiguration section */
		049E6F5D26FF2A1A00BD774F /* Debug */ = {
			isa = XCBuildConfiguration;
			buildSettings = {
				ALWAYS_SEARCH_USER_PATHS = NO;
				CLANG_ANALYZER_NONNULL = YES;
				CLANG_ANALYZER_NUMBER_OBJECT_CONVERSION = YES_AGGRESSIVE;
				CLANG_CXX_LANGUAGE_STANDARD = "gnu++14";
				CLANG_CXX_LIBRARY = "libc++";
				CLANG_ENABLE_MODULES = YES;
				CLANG_ENABLE_OBJC_ARC = YES;
				CLANG_ENABLE_OBJC_WEAK = YES;
				CLANG_WARN_BLOCK_CAPTURE_AUTORELEASING = YES;
				CLANG_WARN_BOOL_CONVERSION = YES;
				CLANG_WARN_COMMA = YES;
				CLANG_WARN_CONSTANT_CONVERSION = YES;
				CLANG_WARN_DEPRECATED_OBJC_IMPLEMENTATIONS = YES;
				CLANG_WARN_DIRECT_OBJC_ISA_USAGE = YES_ERROR;
				CLANG_WARN_DOCUMENTATION_COMMENTS = YES;
				CLANG_WARN_EMPTY_BODY = YES;
				CLANG_WARN_ENUM_CONVERSION = YES;
				CLANG_WARN_INFINITE_RECURSION = YES;
				CLANG_WARN_INT_CONVERSION = YES;
				CLANG_WARN_NON_LITERAL_NULL_CONVERSION = YES;
				CLANG_WARN_OBJC_IMPLICIT_RETAIN_SELF = YES;
				CLANG_WARN_OBJC_LITERAL_CONVERSION = YES;
				CLANG_WARN_OBJC_ROOT_CLASS = YES_ERROR;
				CLANG_WARN_QUOTED_INCLUDE_IN_FRAMEWORK_HEADER = YES;
				CLANG_WARN_RANGE_LOOP_ANALYSIS = YES;
				CLANG_WARN_STRICT_PROTOTYPES = YES;
				CLANG_WARN_SUSPICIOUS_MOVE = YES;
				CLANG_WARN_UNGUARDED_AVAILABILITY = YES_AGGRESSIVE;
				CLANG_WARN_UNREACHABLE_CODE = YES;
				CLANG_WARN__DUPLICATE_METHOD_MATCH = YES;
				COPY_PHASE_STRIP = NO;
				DEBUG_INFORMATION_FORMAT = dwarf;
				ENABLE_STRICT_OBJC_MSGSEND = YES;
				ENABLE_TESTABILITY = YES;
				GCC_C_LANGUAGE_STANDARD = gnu11;
				GCC_DYNAMIC_NO_PIC = NO;
				GCC_NO_COMMON_BLOCKS = YES;
				GCC_OPTIMIZATION_LEVEL = 0;
				GCC_PREPROCESSOR_DEFINITIONS = (
					"DEBUG=1",
					"$(inherited)",
				);
				GCC_WARN_64_TO_32_BIT_CONVERSION = YES;
				GCC_WARN_ABOUT_RETURN_TYPE = YES_ERROR;
				GCC_WARN_UNDECLARED_SELECTOR = YES;
				GCC_WARN_UNINITIALIZED_AUTOS = YES_AGGRESSIVE;
				GCC_WARN_UNUSED_FUNCTION = YES;
				GCC_WARN_UNUSED_VARIABLE = YES;
				IPHONEOS_DEPLOYMENT_TARGET = 14.3;
				MTL_ENABLE_DEBUG_INFO = INCLUDE_SOURCE;
				MTL_FAST_MATH = YES;
				ONLY_ACTIVE_ARCH = YES;
				SDKROOT = iphoneos;
				SWIFT_ACTIVE_COMPILATION_CONDITIONS = DEBUG;
				SWIFT_OPTIMIZATION_LEVEL = "-Onone";
			};
			name = Debug;
		};
		049E6F5E26FF2A1A00BD774F /* Release */ = {
			isa = XCBuildConfiguration;
			buildSettings = {
				ALWAYS_SEARCH_USER_PATHS = NO;
				CLANG_ANALYZER_NONNULL = YES;
				CLANG_ANALYZER_NUMBER_OBJECT_CONVERSION = YES_AGGRESSIVE;
				CLANG_CXX_LANGUAGE_STANDARD = "gnu++14";
				CLANG_CXX_LIBRARY = "libc++";
				CLANG_ENABLE_MODULES = YES;
				CLANG_ENABLE_OBJC_ARC = YES;
				CLANG_ENABLE_OBJC_WEAK = YES;
				CLANG_WARN_BLOCK_CAPTURE_AUTORELEASING = YES;
				CLANG_WARN_BOOL_CONVERSION = YES;
				CLANG_WARN_COMMA = YES;
				CLANG_WARN_CONSTANT_CONVERSION = YES;
				CLANG_WARN_DEPRECATED_OBJC_IMPLEMENTATIONS = YES;
				CLANG_WARN_DIRECT_OBJC_ISA_USAGE = YES_ERROR;
				CLANG_WARN_DOCUMENTATION_COMMENTS = YES;
				CLANG_WARN_EMPTY_BODY = YES;
				CLANG_WARN_ENUM_CONVERSION = YES;
				CLANG_WARN_INFINITE_RECURSION = YES;
				CLANG_WARN_INT_CONVERSION = YES;
				CLANG_WARN_NON_LITERAL_NULL_CONVERSION = YES;
				CLANG_WARN_OBJC_IMPLICIT_RETAIN_SELF = YES;
				CLANG_WARN_OBJC_LITERAL_CONVERSION = YES;
				CLANG_WARN_OBJC_ROOT_CLASS = YES_ERROR;
				CLANG_WARN_QUOTED_INCLUDE_IN_FRAMEWORK_HEADER = YES;
				CLANG_WARN_RANGE_LOOP_ANALYSIS = YES;
				CLANG_WARN_STRICT_PROTOTYPES = YES;
				CLANG_WARN_SUSPICIOUS_MOVE = YES;
				CLANG_WARN_UNGUARDED_AVAILABILITY = YES_AGGRESSIVE;
				CLANG_WARN_UNREACHABLE_CODE = YES;
				CLANG_WARN__DUPLICATE_METHOD_MATCH = YES;
				COPY_PHASE_STRIP = NO;
				DEBUG_INFORMATION_FORMAT = "dwarf-with-dsym";
				ENABLE_NS_ASSERTIONS = NO;
				ENABLE_STRICT_OBJC_MSGSEND = YES;
				GCC_C_LANGUAGE_STANDARD = gnu11;
				GCC_NO_COMMON_BLOCKS = YES;
				GCC_WARN_64_TO_32_BIT_CONVERSION = YES;
				GCC_WARN_ABOUT_RETURN_TYPE = YES_ERROR;
				GCC_WARN_UNDECLARED_SELECTOR = YES;
				GCC_WARN_UNINITIALIZED_AUTOS = YES_AGGRESSIVE;
				GCC_WARN_UNUSED_FUNCTION = YES;
				GCC_WARN_UNUSED_VARIABLE = YES;
				IPHONEOS_DEPLOYMENT_TARGET = 14.3;
				MTL_ENABLE_DEBUG_INFO = NO;
				MTL_FAST_MATH = YES;
				SDKROOT = iphoneos;
				SWIFT_COMPILATION_MODE = wholemodule;
				SWIFT_OPTIMIZATION_LEVEL = "-O";
				VALIDATE_PRODUCT = YES;
			};
			name = Release;
		};
		049E6F6026FF2A1A00BD774F /* Debug */ = {
			isa = XCBuildConfiguration;
			buildSettings = {
				ASSETCATALOG_COMPILER_APPICON_NAME = AppIcon;
				ASSETCATALOG_COMPILER_GLOBAL_ACCENT_COLOR_NAME = AccentColor;
				ASSETCATALOG_COMPILER_LAUNCHIMAGE_NAME = "";
				CODE_SIGN_IDENTITY = "iPhone Developer";
				CODE_SIGN_STYLE = Manual;
				DEVELOPMENT_TEAM = Q4RK7D73P6;
				INFOPLIST_FILE = GLWeiBo_Swift/Info.plist;
				IPHONEOS_DEPLOYMENT_TARGET = 9.0;
				LD_RUNPATH_SEARCH_PATHS = (
					"$(inherited)",
					"@executable_path/Frameworks",
				);
				PRODUCT_BUNDLE_IDENTIFIER = com.welink.mobile.ios;
				PRODUCT_NAME = "$(TARGET_NAME)";
				PROVISIONING_PROFILE_SPECIFIER = ios_app_development_Provisioning_Profile;
				SWIFT_OBJC_BRIDGING_HEADER = "GLWeiBo_Swift/GLWeiBo-Bridge.h";
				SWIFT_VERSION = 5.0;
				TARGETED_DEVICE_FAMILY = 1;
			};
			name = Debug;
		};
		049E6F6126FF2A1A00BD774F /* Release */ = {
			isa = XCBuildConfiguration;
			buildSettings = {
				ASSETCATALOG_COMPILER_APPICON_NAME = AppIcon;
				ASSETCATALOG_COMPILER_GLOBAL_ACCENT_COLOR_NAME = AccentColor;
				ASSETCATALOG_COMPILER_LAUNCHIMAGE_NAME = "";
				CODE_SIGN_IDENTITY = "iPhone Developer";
				CODE_SIGN_STYLE = Manual;
				DEVELOPMENT_TEAM = Q4RK7D73P6;
				INFOPLIST_FILE = GLWeiBo_Swift/Info.plist;
				IPHONEOS_DEPLOYMENT_TARGET = 9.0;
				LD_RUNPATH_SEARCH_PATHS = (
					"$(inherited)",
					"@executable_path/Frameworks",
				);
				PRODUCT_BUNDLE_IDENTIFIER = com.welink.mobile.ios;
				PRODUCT_NAME = "$(TARGET_NAME)";
				PROVISIONING_PROFILE_SPECIFIER = ios_app_development_Provisioning_Profile;
				SWIFT_OBJC_BRIDGING_HEADER = "GLWeiBo_Swift/GLWeiBo-Bridge.h";
				SWIFT_VERSION = 5.0;
				TARGETED_DEVICE_FAMILY = 1;
			};
			name = Release;
		};
/* End XCBuildConfiguration section */

/* Begin XCConfigurationList section */
		049E6F4626FF2A1700BD774F /* Build configuration list for PBXProject "GLWeiBo_Swift" */ = {
			isa = XCConfigurationList;
			buildConfigurations = (
				049E6F5D26FF2A1A00BD774F /* Debug */,
				049E6F5E26FF2A1A00BD774F /* Release */,
			);
			defaultConfigurationIsVisible = 0;
			defaultConfigurationName = Release;
		};
		049E6F5F26FF2A1A00BD774F /* Build configuration list for PBXNativeTarget "GLWeiBo_Swift" */ = {
			isa = XCConfigurationList;
			buildConfigurations = (
				049E6F6026FF2A1A00BD774F /* Debug */,
				049E6F6126FF2A1A00BD774F /* Release */,
			);
			defaultConfigurationIsVisible = 0;
			defaultConfigurationName = Release;
		};
/* End XCConfigurationList section */
	};
	rootObject = 049E6F4326FF2A1700BD774F /* Project object */;
}
